{
  "version": 4,
  "terraform_version": "1.1.9",
  "serial": 1420,
  "lineage": "f4aa5f2a-6487-16ac-d600-fd3197a09b23",
  "outputs": {},
  "resources": [
    {
      "module": "module.eks",
      "mode": "managed",
      "type": "aws_cloudwatch_log_group",
      "name": "cloudwatch_log_group",
      "provider": "provider[\"registry.terraform.io/hashicorp/aws\"]",
      "instances": [
        {
          "schema_version": 0,
          "attributes": {
            "arn": "arn:aws:logs:eu-west-1:741032333307:log-group:/aws/eks/ekstest-testing/cluster",
            "id": "/aws/eks/ekstest-testing/cluster",
            "kms_key_id": "",
            "name": "/aws/eks/ekstest-testing/cluster",
            "name_prefix": null,
            "retention_in_days": 30,
            "tags": {
              "Name": "ekstest-testing-eks-cloudwatch-log-group"
            },
            "tags_all": {
              "Name": "ekstest-testing-eks-cloudwatch-log-group"
            }
          },
          "sensitive_attributes": [],
          "private": "bnVsbA=="
        }
      ]
    },
    {
      "module": "module.eks",
      "mode": "managed",
      "type": "aws_eks_cluster",
      "name": "eks_cluster",
      "provider": "provider[\"registry.terraform.io/hashicorp/aws\"]",
      "instances": [
        {
          "schema_version": 0,
          "attributes": {
            "arn": "arn:aws:eks:eu-west-1:741032333307:cluster/ekstest-testing",
            "certificate_authority": [
              {
                "data": "LS0tLS1CRUdJTiBDRVJUSUZJQ0FURS0tLS0tCk1JSUM1ekNDQWMrZ0F3SUJBZ0lCQURBTkJna3Foa2lHOXcwQkFRc0ZBREFWTVJNd0VRWURWUVFERXdwcmRXSmwKY201bGRHVnpNQjRYRFRJeU1EVXhNekV4TXpVMU5sb1hEVE15TURVeE1ERXhNelUxTmxvd0ZURVRNQkVHQTFVRQpBeE1LYTNWaVpYSnVaWFJsY3pDQ0FTSXdEUVlKS29aSWh2Y05BUUVCQlFBRGdnRVBBRENDQVFvQ2dnRUJBS0I0CkswTnlwbk1VK1lXUnkwcGtsTjFHNkk5eWFxYmRqMC9lSFdDeFc4Ty9LdnBjWW1Eanp1a2Q1YUpRWVVsRWlnQlYKTnEzeEk1UVpNV3NLcnMydEIvRUVBbFZabW45V3lFNkQvRXNqK3BYeklGZG45MElYaHZva2dKR2VYUnE2OGhyQwoyMEQ0V0tqYUVrdmRuRVl2SityVWVBS2ZEaTZQTmp0U0FjUGZ3VWVNY1E4eWU0c2RnY0c4Z3hUZklpbDArWmtrCmIxSWxONmt0Qml4SGZpazlHT1FyckhQUnVUbHQ5OVJZREVjb3ljV3VNRzIrcS9ZaHREUzlFdWM2TVRUdDBOUlUKQ0VnVS8xSDdyTnpYMUNkRklHeXIvVmdmc0MzTVZtc0cyL1ZkUU1tOHZDSXlPQStsYWZoSGlhTlZYUVA2ZUR4SgprcGNyV2VYRGFBcGRGNTdxRzI4Q0F3RUFBYU5DTUVBd0RnWURWUjBQQVFIL0JBUURBZ0trTUE4R0ExVWRFd0VCCi93UUZNQU1CQWY4d0hRWURWUjBPQkJZRUZQN0RmakpwdmZ5SXdnc3F4MlJBdmY2VUFaNmpNQTBHQ1NxR1NJYjMKRFFFQkN3VUFBNElCQVFBbWx1WnRFYUc0QktZUzUxaFhRdkVGanhmNkY3MTNqN0NwbGZuVCs4V2hmRlQxYjJmWQpnTzlwdkhTS0ZFM2czSHZLQ0pWajZER0p0NFE5aVltaGFvWjBnR0M0bXB3VDM3ekl6N3E5bG96akdrcHN1dTlxCkJacUgvTnNzOWFQSmNSSTBBNU9xdDJ4bEtVRlNIRGpPNUVOVzhzTU5nakhDZ0phelNoQ1NiQlhBckVHdjJ1M3UKcWZKdnZ3YnpzOENRN0szUzk2UWthNEFJWlBRUzFuNFI1SVFHWUhiZ1VSdU14QXJ2QzZGQ1dia3dtaDhxeHFpegpOUUlEejJQUThGdGZwMGFnekRVYXNhL2FnSUlIMjhZUmRYVnBjdjRXWXArb2h2SlNzK3YvM3NTTENHK1JRZ3kxCkRGTGFJejF6L1VmVzdGV3VBak80V29NbEdxUWtlSmdva29pcQotLS0tLUVORCBDRVJUSUZJQ0FURS0tLS0tCg=="
              }
            ],
            "created_at": "2022-05-13 11:30:18.761 +0000 UTC",
            "enabled_cluster_log_types": [
              "api",
              "audit",
              "authenticator",
              "controllerManager",
              "scheduler"
            ],
            "encryption_config": [],
            "endpoint": "https://8B7A0698095662C76BAE099517379E36.gr7.eu-west-1.eks.amazonaws.com",
            "id": "ekstest-testing",
            "identity": [
              {
                "oidc": [
                  {
                    "issuer": "https://oidc.eks.eu-west-1.amazonaws.com/id/8B7A0698095662C76BAE099517379E36"
                  }
                ]
              }
            ],
            "kubernetes_network_config": [
              {
                "ip_family": "ipv4",
                "service_ipv4_cidr": "10.100.0.0/16"
              }
            ],
            "name": "ekstest-testing",
            "platform_version": "eks.6",
            "role_arn": "arn:aws:iam::741032333307:role/ekstest-cluster-role",
            "status": "ACTIVE",
            "tags": {},
            "tags_all": {},
            "timeouts": {
              "create": null,
              "delete": "30m",
              "update": null
            },
            "version": "1.21",
            "vpc_config": [
              {
                "cluster_security_group_id": "sg-0659e5ccd21eec2aa",
                "endpoint_private_access": false,
                "endpoint_public_access": true,
                "public_access_cidrs": [
                  "0.0.0.0/0"
                ],
                "security_group_ids": [],
                "subnet_ids": [
                  "subnet-024836a9ea3639b80",
                  "subnet-07132273ff581d68d",
                  "subnet-0d66c02bcf661c823",
                  "subnet-0e860d02c6019b9d2"
                ],
                "vpc_id": "vpc-0d09fe29c02258f8d"
              }
            ]
          },
          "sensitive_attributes": [],
          "private": "eyJlMmJmYjczMC1lY2FhLTExZTYtOGY4OC0zNDM2M2JjN2M0YzAiOnsiY3JlYXRlIjoxODAwMDAwMDAwMDAwLCJkZWxldGUiOjE4MDAwMDAwMDAwMDAsInVwZGF0ZSI6MzYwMDAwMDAwMDAwMH19",
          "dependencies": [
            "module.eks.aws_cloudwatch_log_group.cloudwatch_log_group",
            "module.eks.aws_iam_role.eks_cluster_role",
            "module.eks.aws_iam_role_policy_attachment.AmazonEKSClusterPolicy1",
            "module.eks.aws_iam_role_policy_attachment.AmazonEKSVPCResourceController1",
            "module.vpc.aws_subnet.private",
            "module.vpc.aws_subnet.public",
            "module.vpc.aws_vpc.main"
          ]
        }
      ]
    },
    {
      "module": "module.eks",
      "mode": "managed",
      "type": "aws_iam_role",
      "name": "eks_cluster_role",
      "provider": "provider[\"registry.terraform.io/hashicorp/aws\"]",
      "instances": [
        {
          "schema_version": 0,
          "attributes": {
            "arn": "arn:aws:iam::741032333307:role/ekstest-cluster-role",
            "assume_role_policy": "{\"Version\":\"2012-10-17\",\"Statement\":[{\"Effect\":\"Allow\",\"Principal\":{\"Service\":[\"eks-fargate-pods.amazonaws.com\",\"eks.amazonaws.com\"]},\"Action\":\"sts:AssumeRole\"}]}",
            "create_date": "2022-05-13T11:28:53Z",
            "description": "Allow cluster to manage node groups, fargate nodes and cloudwatch logs",
            "force_detach_policies": true,
            "id": "ekstest-cluster-role",
            "inline_policy": [
              {
                "name": "",
                "policy": ""
              }
            ],
            "managed_policy_arns": [
              "arn:aws:iam::741032333307:policy/AmazonEKSClusterCloudWatchMetricsPolicy",
              "arn:aws:iam::aws:policy/AmazonEKSClusterPolicy",
              "arn:aws:iam::aws:policy/AmazonEKSVPCResourceController"
            ],
            "max_session_duration": 3600,
            "name": "ekstest-cluster-role",
            "name_prefix": "",
            "path": "/",
            "permissions_boundary": null,
            "tags": {},
            "tags_all": {},
            "unique_id": "AROA2ZCHYB75WS22JFJQC"
          },
          "sensitive_attributes": [],
          "private": "bnVsbA=="
        }
      ]
    },
    {
      "module": "module.eks",
      "mode": "managed",
      "type": "aws_iam_role_policy_attachment",
      "name": "AmazonEKSClusterPolicy1",
      "provider": "provider[\"registry.terraform.io/hashicorp/aws\"]",
      "instances": [
        {
          "schema_version": 0,
          "attributes": {
            "id": "ekstest-cluster-role-20220513112906627700000003",
            "policy_arn": "arn:aws:iam::aws:policy/AmazonEKSClusterPolicy",
            "role": "ekstest-cluster-role"
          },
          "sensitive_attributes": [],
          "private": "bnVsbA==",
          "dependencies": [
            "module.eks.aws_iam_role.eks_cluster_role"
          ]
        }
      ]
    },
    {
      "module": "module.eks",
      "mode": "managed",
      "type": "aws_iam_role_policy_attachment",
      "name": "AmazonEKSVPCResourceController1",
      "provider": "provider[\"registry.terraform.io/hashicorp/aws\"]",
      "instances": [
        {
          "schema_version": 0,
          "attributes": {
            "id": "ekstest-cluster-role-20220513112907431700000005",
            "policy_arn": "arn:aws:iam::aws:policy/AmazonEKSVPCResourceController",
            "role": "ekstest-cluster-role"
          },
          "sensitive_attributes": [],
          "private": "bnVsbA==",
          "dependencies": [
            "module.eks.aws_iam_role.eks_cluster_role"
          ]
        }
      ]
    },
    {
      "module": "module.kubernetes",
      "mode": "data",
      "type": "aws_eks_cluster",
      "name": "cluster",
      "provider": "provider[\"registry.terraform.io/hashicorp/aws\"]",
      "instances": [
        {
          "schema_version": 0,
          "attributes": {
            "arn": "arn:aws:eks:eu-west-1:741032333307:cluster/ekstest-testing",
            "certificate_authority": [
              {
                "data": "LS0tLS1CRUdJTiBDRVJUSUZJQ0FURS0tLS0tCk1JSUM1ekNDQWMrZ0F3SUJBZ0lCQURBTkJna3Foa2lHOXcwQkFRc0ZBREFWTVJNd0VRWURWUVFERXdwcmRXSmwKY201bGRHVnpNQjRYRFRJeU1EVXhNekV4TXpVMU5sb1hEVE15TURVeE1ERXhNelUxTmxvd0ZURVRNQkVHQTFVRQpBeE1LYTNWaVpYSnVaWFJsY3pDQ0FTSXdEUVlKS29aSWh2Y05BUUVCQlFBRGdnRVBBRENDQVFvQ2dnRUJBS0I0CkswTnlwbk1VK1lXUnkwcGtsTjFHNkk5eWFxYmRqMC9lSFdDeFc4Ty9LdnBjWW1Eanp1a2Q1YUpRWVVsRWlnQlYKTnEzeEk1UVpNV3NLcnMydEIvRUVBbFZabW45V3lFNkQvRXNqK3BYeklGZG45MElYaHZva2dKR2VYUnE2OGhyQwoyMEQ0V0tqYUVrdmRuRVl2SityVWVBS2ZEaTZQTmp0U0FjUGZ3VWVNY1E4eWU0c2RnY0c4Z3hUZklpbDArWmtrCmIxSWxONmt0Qml4SGZpazlHT1FyckhQUnVUbHQ5OVJZREVjb3ljV3VNRzIrcS9ZaHREUzlFdWM2TVRUdDBOUlUKQ0VnVS8xSDdyTnpYMUNkRklHeXIvVmdmc0MzTVZtc0cyL1ZkUU1tOHZDSXlPQStsYWZoSGlhTlZYUVA2ZUR4SgprcGNyV2VYRGFBcGRGNTdxRzI4Q0F3RUFBYU5DTUVBd0RnWURWUjBQQVFIL0JBUURBZ0trTUE4R0ExVWRFd0VCCi93UUZNQU1CQWY4d0hRWURWUjBPQkJZRUZQN0RmakpwdmZ5SXdnc3F4MlJBdmY2VUFaNmpNQTBHQ1NxR1NJYjMKRFFFQkN3VUFBNElCQVFBbWx1WnRFYUc0QktZUzUxaFhRdkVGanhmNkY3MTNqN0NwbGZuVCs4V2hmRlQxYjJmWQpnTzlwdkhTS0ZFM2czSHZLQ0pWajZER0p0NFE5aVltaGFvWjBnR0M0bXB3VDM3ekl6N3E5bG96akdrcHN1dTlxCkJacUgvTnNzOWFQSmNSSTBBNU9xdDJ4bEtVRlNIRGpPNUVOVzhzTU5nakhDZ0phelNoQ1NiQlhBckVHdjJ1M3UKcWZKdnZ3YnpzOENRN0szUzk2UWthNEFJWlBRUzFuNFI1SVFHWUhiZ1VSdU14QXJ2QzZGQ1dia3dtaDhxeHFpegpOUUlEejJQUThGdGZwMGFnekRVYXNhL2FnSUlIMjhZUmRYVnBjdjRXWXArb2h2SlNzK3YvM3NTTENHK1JRZ3kxCkRGTGFJejF6L1VmVzdGV3VBak80V29NbEdxUWtlSmdva29pcQotLS0tLUVORCBDRVJUSUZJQ0FURS0tLS0tCg=="
              }
            ],
            "created_at": "2022-05-13 11:30:18.761 +0000 UTC",
            "enabled_cluster_log_types": [
              "api",
              "audit",
              "authenticator",
              "controllerManager",
              "scheduler"
            ],
            "endpoint": "https://8B7A0698095662C76BAE099517379E36.gr7.eu-west-1.eks.amazonaws.com",
            "id": "ekstest-testing",
            "identity": [
              {
                "oidc": [
                  {
                    "issuer": "https://oidc.eks.eu-west-1.amazonaws.com/id/8B7A0698095662C76BAE099517379E36"
                  }
                ]
              }
            ],
            "kubernetes_network_config": [
              {
                "ip_family": "ipv4",
                "service_ipv4_cidr": "10.100.0.0/16"
              }
            ],
            "name": "ekstest-testing",
            "platform_version": "eks.6",
            "role_arn": "arn:aws:iam::741032333307:role/ekstest-cluster-role",
            "status": "ACTIVE",
            "tags": {},
            "version": "1.21",
            "vpc_config": [
              {
                "cluster_security_group_id": "sg-0659e5ccd21eec2aa",
                "endpoint_private_access": false,
                "endpoint_public_access": true,
                "public_access_cidrs": [
                  "0.0.0.0/0"
                ],
                "security_group_ids": [],
                "subnet_ids": [
                  "subnet-024836a9ea3639b80",
                  "subnet-07132273ff581d68d",
                  "subnet-0d66c02bcf661c823",
                  "subnet-0e860d02c6019b9d2"
                ],
                "vpc_id": "vpc-0d09fe29c02258f8d"
              }
            ]
          },
          "sensitive_attributes": []
        }
      ]
    },
    {
      "module": "module.kubernetes",
      "mode": "data",
      "type": "aws_eks_cluster_auth",
      "name": "cluster",
      "provider": "provider[\"registry.terraform.io/hashicorp/aws\"]",
      "instances": [
        {
          "schema_version": 0,
          "attributes": {
            "id": "ekstest-testing",
            "name": "ekstest-testing",
            "token": "k8s-aws-v1.aHR0cHM6Ly9zdHMuYW1hem9uYXdzLmNvbS8_QWN0aW9uPUdldENhbGxlcklkZW50aXR5JlZlcnNpb249MjAxMS0wNi0xNSZYLUFtei1BbGdvcml0aG09QVdTNC1ITUFDLVNIQTI1NiZYLUFtei1DcmVkZW50aWFsPUFTSUEyWkNIWUI3NVJGNllWTVdJJTJGMjAyMjA1MTMlMkZ1cy1lYXN0LTElMkZzdHMlMkZhd3M0X3JlcXVlc3QmWC1BbXotRGF0ZT0yMDIyMDUxM1QxMjUxMTZaJlgtQW16LUV4cGlyZXM9MCZYLUFtei1TZWN1cml0eS1Ub2tlbj1JUW9KYjNKcFoybHVYMlZqRUlYJTJGJTJGJTJGJTJGJTJGJTJGJTJGJTJGJTJGJTJGd0VhQ1hWekxXVmhjM1F0TVNKSE1FVUNJR2RTMVhPVGJJRzhxamV1NFVscmR3elcxclhSblhTaU1TVmklMkZwQzhxc0EwQWlFQXdpM3lhUnVpRGw5bXlJaSUyRk1tR2FUdmpmdXhFJTJGaGI3aU1tJTJCSHFzNHdMWXdxcndJSVhoQUNHZ3czTkRFd016SXpNek16TURjaURMRnQ0U3lvanJNcmFyUDVLQ3FNQWdFaEE1JTJCdVN5RG13UXZCS2pVJTJGMUhFTUwwZFFsNExKJTJCc0RNa29LRGRWTURhTFd1MU55OU80VXRrc1p3dTlVYVl2eSUyRkFTTTVwNEhxSVp6V3hVczIlMkJwUnIzaEZiaEJ0TDglMkZveXloOFpPd09Bd21uMXEwOUk2cHE4UEc4NW8xaUFLbWxGM2l0JTJGb2M4a25SJTJGalA5eE9LQ29oRVZSMTFEa2xwWEdVNHB5JTJCSGhpTyUyQndUJTJCT3VxSEx1T25ncXpTUCUyQlQ3dUR4WHl2dnh1M3lrOEVsZDNhanVsQlpiNWlGVFoxb2FoUDlsc1dqSFc2N05GellYZHNsc01LamV6TWM5NjA5SVpNU1BmNm9VdlZLTWxBSER4NENYZWR3VGI5cWhGMDBMZG1DdGE0ajdXSTZPOHUzQzlCR3BSenkzejhnWUhuZXZaeEljU3BMS1JYVUVySDYwaTRKeTFTbndZYjRzbng0MyUyQlV2JTJCbUg0d3hhVDVrd1k2blFHbENNTGtEaWpIMHVnQm1MJTJCRCUyRnRpSWNCU3ZNZDBlMFdtWWp2d2tDNW5YVXBlJTJCd01BblZ6NDdTZHlaQU5WSkVMTzVGWkMxWDl5M3UlMkJLUlRoVUxqTk5WNm1TUTl1SlpWcUh1MDFXckklMkZzQ0FsVWlwWW0yNks0c0lQUG8wSzM0ejdpR2E2cVFNeDlqcHpDTEZkbldtQVklMkIlMkJUOXV6amtMYWVEUGdRSmRWb1lXVUtoMkxhYTdJOUNtM2tKM094JTJGM1BudmJiSkhucVZQb01oUEVYVXg1JlgtQW16LVNpZ25lZEhlYWRlcnM9aG9zdCUzQngtazhzLWF3cy1pZCZYLUFtei1TaWduYXR1cmU9NDU2ZTAxYWE4Y2UwYTc3MzY3NGNiZDAyMzAwNDU4YmU2OWMyYTAzYTQ1ODk0ZjI4NWI0YTEzN2RhMzY0Nzc3MA"
          },
          "sensitive_attributes": []
        }
      ]
    },
    {
      "module": "module.kubernetes",
      "mode": "managed",
      "type": "kubernetes_namespace",
      "name": "fargate",
      "provider": "module.kubernetes.provider[\"registry.terraform.io/hashicorp/kubernetes\"]",
      "instances": [
        {
          "schema_version": 0,
          "attributes": {
            "id": "fargate-node",
            "metadata": [
              {
                "annotations": {},
                "generate_name": "",
                "generation": 0,
                "labels": {
                  "app": "owncloud"
                },
                "name": "fargate-node",
                "resource_version": "5152",
                "uid": "0e979565-b402-42a0-be7c-9a7efb62734c"
              }
            ],
            "timeouts": null
          },
          "sensitive_attributes": [],
          "private": "eyJlMmJmYjczMC1lY2FhLTExZTYtOGY4OC0zNDM2M2JjN2M0YzAiOnsiZGVsZXRlIjozMDAwMDAwMDAwMDB9fQ==",
          "dependencies": [
            "module.eks.aws_cloudwatch_log_group.cloudwatch_log_group",
            "module.eks.aws_eks_cluster.eks_cluster",
            "module.eks.aws_iam_role.eks_cluster_role",
            "module.eks.aws_iam_role_policy_attachment.AmazonEKSClusterPolicy1",
            "module.eks.aws_iam_role_policy_attachment.AmazonEKSVPCResourceController1",
            "module.kubernetes.data.aws_eks_cluster.cluster",
            "module.kubernetes.data.aws_eks_cluster_auth.cluster",
            "module.vpc.aws_subnet.private",
            "module.vpc.aws_subnet.public",
            "module.vpc.aws_vpc.main"
          ]
        }
      ]
    },
    {
      "module": "module.vpc",
      "mode": "managed",
      "type": "aws_subnet",
      "name": "private",
      "provider": "provider[\"registry.terraform.io/hashicorp/aws\"]",
      "instances": [
        {
          "index_key": 0,
          "schema_version": 1,
          "attributes": {
            "arn": "arn:aws:ec2:eu-west-1:741032333307:subnet/subnet-0d66c02bcf661c823",
            "assign_ipv6_address_on_creation": false,
            "availability_zone": "eu-west-1a",
            "availability_zone_id": "euw1-az2",
            "cidr_block": "192.168.4.0/24",
            "customer_owned_ipv4_pool": "",
            "enable_dns64": false,
            "enable_resource_name_dns_a_record_on_launch": false,
            "enable_resource_name_dns_aaaa_record_on_launch": false,
            "id": "subnet-0d66c02bcf661c823",
            "ipv6_cidr_block": "",
            "ipv6_cidr_block_association_id": "",
            "ipv6_native": false,
            "map_customer_owned_ip_on_launch": false,
            "map_public_ip_on_launch": false,
            "outpost_arn": "",
            "owner_id": "741032333307",
            "private_dns_hostname_type_on_launch": "ip-name",
            "tags": {
              "Name": "fargate-subnet-1-testing",
              "kubernetes.io/cluster/ekstest-testing": "shared",
              "kubernetes.io/role/internal-elb": "1",
              "state": "private"
            },
            "tags_all": {
              "Name": "fargate-subnet-1-testing",
              "kubernetes.io/cluster/ekstest-testing": "shared",
              "kubernetes.io/role/internal-elb": "1",
              "state": "private"
            },
            "timeouts": null,
            "vpc_id": "vpc-0d09fe29c02258f8d"
          },
          "sensitive_attributes": [],
          "private": "eyJlMmJmYjczMC1lY2FhLTExZTYtOGY4OC0zNDM2M2JjN2M0YzAiOnsiY3JlYXRlIjo2MDAwMDAwMDAwMDAsImRlbGV0ZSI6MTIwMDAwMDAwMDAwMH0sInNjaGVtYV92ZXJzaW9uIjoiMSJ9",
          "dependencies": [
            "module.vpc.aws_vpc.main"
          ]
        },
        {
          "index_key": 1,
          "schema_version": 1,
          "attributes": {
            "arn": "arn:aws:ec2:eu-west-1:741032333307:subnet/subnet-0e860d02c6019b9d2",
            "assign_ipv6_address_on_creation": false,
            "availability_zone": "eu-west-1b",
            "availability_zone_id": "euw1-az3",
            "cidr_block": "192.168.5.0/24",
            "customer_owned_ipv4_pool": "",
            "enable_dns64": false,
            "enable_resource_name_dns_a_record_on_launch": false,
            "enable_resource_name_dns_aaaa_record_on_launch": false,
            "id": "subnet-0e860d02c6019b9d2",
            "ipv6_cidr_block": "",
            "ipv6_cidr_block_association_id": "",
            "ipv6_native": false,
            "map_customer_owned_ip_on_launch": false,
            "map_public_ip_on_launch": false,
            "outpost_arn": "",
            "owner_id": "741032333307",
            "private_dns_hostname_type_on_launch": "ip-name",
            "tags": {
              "Name": "fargate-subnet-2-testing",
              "kubernetes.io/cluster/ekstest-testing": "shared",
              "kubernetes.io/role/internal-elb": "1",
              "state": "private"
            },
            "tags_all": {
              "Name": "fargate-subnet-2-testing",
              "kubernetes.io/cluster/ekstest-testing": "shared",
              "kubernetes.io/role/internal-elb": "1",
              "state": "private"
            },
            "timeouts": null,
            "vpc_id": "vpc-0d09fe29c02258f8d"
          },
          "sensitive_attributes": [],
          "private": "eyJlMmJmYjczMC1lY2FhLTExZTYtOGY4OC0zNDM2M2JjN2M0YzAiOnsiY3JlYXRlIjo2MDAwMDAwMDAwMDAsImRlbGV0ZSI6MTIwMDAwMDAwMDAwMH0sInNjaGVtYV92ZXJzaW9uIjoiMSJ9",
          "dependencies": [
            "module.vpc.aws_vpc.main"
          ]
        }
      ]
    },
    {
      "module": "module.vpc",
      "mode": "managed",
      "type": "aws_subnet",
      "name": "public",
      "provider": "provider[\"registry.terraform.io/hashicorp/aws\"]",
      "instances": [
        {
          "index_key": 0,
          "schema_version": 1,
          "attributes": {
            "arn": "arn:aws:ec2:eu-west-1:741032333307:subnet/subnet-024836a9ea3639b80",
            "assign_ipv6_address_on_creation": false,
            "availability_zone": "eu-west-1a",
            "availability_zone_id": "euw1-az2",
            "cidr_block": "192.168.0.0/24",
            "customer_owned_ipv4_pool": "",
            "enable_dns64": false,
            "enable_resource_name_dns_a_record_on_launch": false,
            "enable_resource_name_dns_aaaa_record_on_launch": false,
            "id": "subnet-024836a9ea3639b80",
            "ipv6_cidr_block": "",
            "ipv6_cidr_block_association_id": "",
            "ipv6_native": false,
            "map_customer_owned_ip_on_launch": false,
            "map_public_ip_on_launch": true,
            "outpost_arn": "",
            "owner_id": "741032333307",
            "private_dns_hostname_type_on_launch": "ip-name",
            "tags": {
              "Name": "node-group-subnet-1-testing",
              "kubernetes.io/cluster/ekstest-testing": "shared",
              "kubernetes.io/role/elb": "1",
              "state": "public"
            },
            "tags_all": {
              "Name": "node-group-subnet-1-testing",
              "kubernetes.io/cluster/ekstest-testing": "shared",
              "kubernetes.io/role/elb": "1",
              "state": "public"
            },
            "timeouts": null,
            "vpc_id": "vpc-0d09fe29c02258f8d"
          },
          "sensitive_attributes": [],
          "private": "eyJlMmJmYjczMC1lY2FhLTExZTYtOGY4OC0zNDM2M2JjN2M0YzAiOnsiY3JlYXRlIjo2MDAwMDAwMDAwMDAsImRlbGV0ZSI6MTIwMDAwMDAwMDAwMH0sInNjaGVtYV92ZXJzaW9uIjoiMSJ9",
          "dependencies": [
            "module.vpc.aws_vpc.main"
          ]
        },
        {
          "index_key": 1,
          "schema_version": 1,
          "attributes": {
            "arn": "arn:aws:ec2:eu-west-1:741032333307:subnet/subnet-07132273ff581d68d",
            "assign_ipv6_address_on_creation": false,
            "availability_zone": "eu-west-1b",
            "availability_zone_id": "euw1-az3",
            "cidr_block": "192.168.1.0/24",
            "customer_owned_ipv4_pool": "",
            "enable_dns64": false,
            "enable_resource_name_dns_a_record_on_launch": false,
            "enable_resource_name_dns_aaaa_record_on_launch": false,
            "id": "subnet-07132273ff581d68d",
            "ipv6_cidr_block": "",
            "ipv6_cidr_block_association_id": "",
            "ipv6_native": false,
            "map_customer_owned_ip_on_launch": false,
            "map_public_ip_on_launch": true,
            "outpost_arn": "",
            "owner_id": "741032333307",
            "private_dns_hostname_type_on_launch": "ip-name",
            "tags": {
              "Name": "node-group-subnet-2-testing",
              "kubernetes.io/cluster/ekstest-testing": "shared",
              "kubernetes.io/role/elb": "1",
              "state": "public"
            },
            "tags_all": {
              "Name": "node-group-subnet-2-testing",
              "kubernetes.io/cluster/ekstest-testing": "shared",
              "kubernetes.io/role/elb": "1",
              "state": "public"
            },
            "timeouts": null,
            "vpc_id": "vpc-0d09fe29c02258f8d"
          },
          "sensitive_attributes": [],
          "private": "eyJlMmJmYjczMC1lY2FhLTExZTYtOGY4OC0zNDM2M2JjN2M0YzAiOnsiY3JlYXRlIjo2MDAwMDAwMDAwMDAsImRlbGV0ZSI6MTIwMDAwMDAwMDAwMH0sInNjaGVtYV92ZXJzaW9uIjoiMSJ9",
          "dependencies": [
            "module.vpc.aws_vpc.main"
          ]
        }
      ]
    },
    {
      "module": "module.vpc",
      "mode": "managed",
      "type": "aws_vpc",
      "name": "main",
      "provider": "provider[\"registry.terraform.io/hashicorp/aws\"]",
      "instances": [
        {
          "schema_version": 1,
          "attributes": {
            "arn": "arn:aws:ec2:eu-west-1:741032333307:vpc/vpc-0d09fe29c02258f8d",
            "assign_generated_ipv6_cidr_block": false,
            "cidr_block": "192.168.0.0/16",
            "default_network_acl_id": "acl-0762bf3d0243d9db4",
            "default_route_table_id": "rtb-0077f6daa0e32fd19",
            "default_security_group_id": "sg-03d9486db54399a0d",
            "dhcp_options_id": "dopt-02510964d5e3ba8d4",
            "enable_classiclink": false,
            "enable_classiclink_dns_support": false,
            "enable_dns_hostnames": true,
            "enable_dns_support": true,
            "id": "vpc-0d09fe29c02258f8d",
            "instance_tenancy": "default",
            "ipv4_ipam_pool_id": null,
            "ipv4_netmask_length": null,
            "ipv6_association_id": "",
            "ipv6_cidr_block": "",
            "ipv6_cidr_block_network_border_group": "",
            "ipv6_ipam_pool_id": "",
            "ipv6_netmask_length": 0,
            "main_route_table_id": "rtb-0077f6daa0e32fd19",
            "owner_id": "741032333307",
            "tags": {
              "Name": "main-testing-vpc",
              "kubernetes.io/cluster/ekstest-testing": "shared"
            },
            "tags_all": {
              "Name": "main-testing-vpc",
              "kubernetes.io/cluster/ekstest-testing": "shared"
            }
          },
          "sensitive_attributes": [],
          "private": "eyJzY2hlbWFfdmVyc2lvbiI6IjEifQ=="
        }
      ]
    }
  ]
}
