{
  "version": 4,
  "terraform_version": "1.1.9",
  "serial": 1381,
  "lineage": "f4aa5f2a-6487-16ac-d600-fd3197a09b23",
  "outputs": {},
  "resources": [
    {
      "mode": "data",
      "type": "kubernetes_ingress",
      "name": "address",
      "provider": "provider[\"registry.terraform.io/hashicorp/kubernetes\"]",
      "instances": [
        {
          "schema_version": 0,
          "attributes": {
            "id": null,
            "metadata": null,
            "spec": null,
            "status": null
          },
          "sensitive_attributes": []
        }
      ]
    },
    {
      "module": "module.eks",
      "mode": "data",
      "type": "aws_caller_identity",
      "name": "current",
      "provider": "provider[\"registry.terraform.io/hashicorp/aws\"]",
      "instances": [
        {
          "schema_version": 0,
          "attributes": {
            "account_id": "741032333307",
            "arn": "arn:aws:sts::741032333307:assumed-role/User/deepak.haridas.kadam@accenture.com",
            "id": "741032333307",
            "user_id": "AROA2ZCHYB75YVW4LVJGV:deepak.haridas.kadam@accenture.com"
          },
          "sensitive_attributes": []
        }
      ]
    },
    {
      "module": "module.eks",
      "mode": "data",
      "type": "aws_eks_cluster",
      "name": "cluster",
      "provider": "provider[\"registry.terraform.io/hashicorp/aws\"]",
      "instances": [
        {
          "schema_version": 0,
          "attributes": {
            "arn": "arn:aws:eks:eu-west-1:741032333307:cluster/ekstest-testing",
            "certificate_authority": [
              {
                "data": "LS0tLS1CRUdJTiBDRVJUSUZJQ0FURS0tLS0tCk1JSUM1ekNDQWMrZ0F3SUJBZ0lCQURBTkJna3Foa2lHOXcwQkFRc0ZBREFWTVJNd0VRWURWUVFERXdwcmRXSmwKY201bGRHVnpNQjRYRFRJeU1EVXhNekV4TXpVMU5sb1hEVE15TURVeE1ERXhNelUxTmxvd0ZURVRNQkVHQTFVRQpBeE1LYTNWaVpYSnVaWFJsY3pDQ0FTSXdEUVlKS29aSWh2Y05BUUVCQlFBRGdnRVBBRENDQVFvQ2dnRUJBS0I0CkswTnlwbk1VK1lXUnkwcGtsTjFHNkk5eWFxYmRqMC9lSFdDeFc4Ty9LdnBjWW1Eanp1a2Q1YUpRWVVsRWlnQlYKTnEzeEk1UVpNV3NLcnMydEIvRUVBbFZabW45V3lFNkQvRXNqK3BYeklGZG45MElYaHZva2dKR2VYUnE2OGhyQwoyMEQ0V0tqYUVrdmRuRVl2SityVWVBS2ZEaTZQTmp0U0FjUGZ3VWVNY1E4eWU0c2RnY0c4Z3hUZklpbDArWmtrCmIxSWxONmt0Qml4SGZpazlHT1FyckhQUnVUbHQ5OVJZREVjb3ljV3VNRzIrcS9ZaHREUzlFdWM2TVRUdDBOUlUKQ0VnVS8xSDdyTnpYMUNkRklHeXIvVmdmc0MzTVZtc0cyL1ZkUU1tOHZDSXlPQStsYWZoSGlhTlZYUVA2ZUR4SgprcGNyV2VYRGFBcGRGNTdxRzI4Q0F3RUFBYU5DTUVBd0RnWURWUjBQQVFIL0JBUURBZ0trTUE4R0ExVWRFd0VCCi93UUZNQU1CQWY4d0hRWURWUjBPQkJZRUZQN0RmakpwdmZ5SXdnc3F4MlJBdmY2VUFaNmpNQTBHQ1NxR1NJYjMKRFFFQkN3VUFBNElCQVFBbWx1WnRFYUc0QktZUzUxaFhRdkVGanhmNkY3MTNqN0NwbGZuVCs4V2hmRlQxYjJmWQpnTzlwdkhTS0ZFM2czSHZLQ0pWajZER0p0NFE5aVltaGFvWjBnR0M0bXB3VDM3ekl6N3E5bG96akdrcHN1dTlxCkJacUgvTnNzOWFQSmNSSTBBNU9xdDJ4bEtVRlNIRGpPNUVOVzhzTU5nakhDZ0phelNoQ1NiQlhBckVHdjJ1M3UKcWZKdnZ3YnpzOENRN0szUzk2UWthNEFJWlBRUzFuNFI1SVFHWUhiZ1VSdU14QXJ2QzZGQ1dia3dtaDhxeHFpegpOUUlEejJQUThGdGZwMGFnekRVYXNhL2FnSUlIMjhZUmRYVnBjdjRXWXArb2h2SlNzK3YvM3NTTENHK1JRZ3kxCkRGTGFJejF6L1VmVzdGV3VBak80V29NbEdxUWtlSmdva29pcQotLS0tLUVORCBDRVJUSUZJQ0FURS0tLS0tCg=="
              }
            ],
            "created_at": "2022-05-13 11:30:18.761 +0000 UTC",
            "enabled_cluster_log_types": [
              "api",
              "audit",
              "authenticator",
              "controllerManager",
              "scheduler"
            ],
            "endpoint": "https://8B7A0698095662C76BAE099517379E36.gr7.eu-west-1.eks.amazonaws.com",
            "id": "ekstest-testing",
            "identity": [
              {
                "oidc": [
                  {
                    "issuer": "https://oidc.eks.eu-west-1.amazonaws.com/id/8B7A0698095662C76BAE099517379E36"
                  }
                ]
              }
            ],
            "kubernetes_network_config": [
              {
                "ip_family": "ipv4",
                "service_ipv4_cidr": "10.100.0.0/16"
              }
            ],
            "name": "ekstest-testing",
            "platform_version": "eks.6",
            "role_arn": "arn:aws:iam::741032333307:role/ekstest-cluster-role",
            "status": "ACTIVE",
            "tags": {},
            "version": "1.21",
            "vpc_config": [
              {
                "cluster_security_group_id": "sg-0659e5ccd21eec2aa",
                "endpoint_private_access": false,
                "endpoint_public_access": true,
                "public_access_cidrs": [
                  "0.0.0.0/0"
                ],
                "security_group_ids": [],
                "subnet_ids": [
                  "subnet-024836a9ea3639b80",
                  "subnet-07132273ff581d68d",
                  "subnet-0d66c02bcf661c823",
                  "subnet-0e860d02c6019b9d2"
                ],
                "vpc_id": "vpc-0d09fe29c02258f8d"
              }
            ]
          },
          "sensitive_attributes": []
        }
      ]
    },
    {
      "module": "module.eks",
      "mode": "data",
      "type": "aws_eks_cluster_auth",
      "name": "cluster",
      "provider": "provider[\"registry.terraform.io/hashicorp/aws\"]",
      "instances": [
        {
          "schema_version": 0,
          "attributes": {
            "id": "ekstest-testing",
            "name": "ekstest-testing",
            "token": "k8s-aws-v1.aHR0cHM6Ly9zdHMuYW1hem9uYXdzLmNvbS8_QWN0aW9uPUdldENhbGxlcklkZW50aXR5JlZlcnNpb249MjAxMS0wNi0xNSZYLUFtei1BbGdvcml0aG09QVdTNC1ITUFDLVNIQTI1NiZYLUFtei1DcmVkZW50aWFsPUFTSUEyWkNIWUI3NTJFTlZZR0g0JTJGMjAyMjA1MTMlMkZ1cy1lYXN0LTElMkZzdHMlMkZhd3M0X3JlcXVlc3QmWC1BbXotRGF0ZT0yMDIyMDUxM1QxMjA1NDhaJlgtQW16LUV4cGlyZXM9MCZYLUFtei1TZWN1cml0eS1Ub2tlbj1JUW9KYjNKcFoybHVYMlZqRUlUJTJGJTJGJTJGJTJGJTJGJTJGJTJGJTJGJTJGJTJGd0VhQ1hWekxXVmhjM1F0TVNKSE1FVUNJUURpRU5Hb2NVdUJ6VEdzZFE1c1BmNVZ1OXR6QkJXV2REYUkwNmxaamlabFN3SWdIWGdlNDdJV2RKdHB2OXZla3h3bERyJTJGeHl5c25xMFJNampkamZ4YjNCNkFxcndJSVhSQUNHZ3czTkRFd016SXpNek16TURjaUROMXdsNUNsdFlJJTJCbERMWU9TcU1BaiUyQmd5ZGhtM3FxVHBHT3FDT3V3MDYlMkJ2TXN0ejc2T0FSYmxUMnZkRjluS0lZViUyRnh2MjczOU9Fck5QVXV6VVNCTm5TYXglMkZGRjdKJTJCV2p4SUczZ1RSQVV6aDZwNmQ2SXRCU1dzYndFcHFBeGUlMkI1MElvMmRsUHgzRGlmeUZ2clh2VHclMkJFWDJTTmFoNzdCeWdJSWslMkZJQjlDUDNaMyUyRnNkN0c4aUVaQzg4JTJGUnM1YjducUN1YnNqVEhCZ0hqZmclMkZXMkowZFMlMkYlMkJlZ2ZCRm5pSDJ1M25TeHZIbDB5OTN3S3R0eUFjWmladlhGMmwwclVMJTJGNGMwQ3Y0TnNMaE1vZk01TjB6JTJCRkNic1I4bW1hemc0VE53dzhCSzZ0STVjVXBKVEVLcmxaNlJJRksycVY3ZTQ5RTRad0UxS2JNeVprWk9hZmt5ZGtzZHJsVHZRWnpaQ0JLUFN3QVQ1WjJhVWJPSzZrVVowenBwSFVIUXd2Skg1a3dZNm5RSFJEZjJIJTJGa2t4R05jbDE2ZlpjeVZ3NFduYjk0WmUxa1FxTEpnNzI2N2c1QUlyazl6ejNjVkNHcnVHWFJzdVBGJTJCdlMzSDlhV2JERDgxajZYRDNLWDM4SjNmSHFVTk9EWmwyWXlDMTR3S09iR3V6bURJZkV4Q1YlMkZrSEJFTEJndmVPVkJxRDhyJTJGYnZwNUJxJTJGSThnRmhYTVdwU2lZZEdJRGlTOFN4VVJiOEwlMkZTUmVKTEtPTjg4NXhIRE8ya3k4M0JlM1JKNTdLam0lMkJXUHJiTW9USSUyQiZYLUFtei1TaWduZWRIZWFkZXJzPWhvc3QlM0J4LWs4cy1hd3MtaWQmWC1BbXotU2lnbmF0dXJlPWUyMjVmN2EwYTc1YTk3YTQ1MTc3NzNiMThhN2U0ZmMyMTc4NDIyYTM1ZjQzMDY3NGZkZjQ3MjUyMzRkM2FiYjg"
          },
          "sensitive_attributes": []
        }
      ]
    },
    {
      "module": "module.eks",
      "mode": "data",
      "type": "tls_certificate",
      "name": "auth",
      "provider": "provider[\"registry.terraform.io/hashicorp/tls\"]",
      "instances": [
        {
          "schema_version": 0,
          "attributes": {
            "certificates": [
              {
                "is_ca": true,
                "issuer": "OU=Starfield Class 2 Certification Authority,O=Starfield Technologies\\, Inc.,C=US",
                "not_after": "2034-06-28T17:39:16Z",
                "not_before": "2009-09-02T00:00:00Z",
                "public_key_algorithm": "RSA",
                "serial_number": "12037640545166866303",
                "sha1_fingerprint": "9e99a48a9960b14926bb7f3b02e22da2b0ab7280",
                "signature_algorithm": "SHA256-RSA",
                "subject": "CN=Starfield Services Root Certificate Authority - G2,O=Starfield Technologies\\, Inc.,L=Scottsdale,ST=Arizona,C=US",
                "version": 3
              },
              {
                "is_ca": true,
                "issuer": "CN=Starfield Services Root Certificate Authority - G2,O=Starfield Technologies\\, Inc.,L=Scottsdale,ST=Arizona,C=US",
                "not_after": "2037-12-31T01:00:00Z",
                "not_before": "2015-05-25T12:00:00Z",
                "public_key_algorithm": "RSA",
                "serial_number": "144918191876577076464031512351042010504348870",
                "sha1_fingerprint": "06b25927c42a721631c1efd9431e648fa62e1e39",
                "signature_algorithm": "SHA256-RSA",
                "subject": "CN=Amazon Root CA 1,O=Amazon,C=US",
                "version": 3
              },
              {
                "is_ca": true,
                "issuer": "CN=Amazon Root CA 1,O=Amazon,C=US",
                "not_after": "2025-10-19T00:00:00Z",
                "not_before": "2015-10-22T00:00:00Z",
                "public_key_algorithm": "RSA",
                "serial_number": "144918209630989264145272943054026349679957517",
                "sha1_fingerprint": "917e732d330f9a12404f73d8bea36948b929dffc",
                "signature_algorithm": "SHA256-RSA",
                "subject": "CN=Amazon,OU=Server CA 1B,O=Amazon,C=US",
                "version": 3
              },
              {
                "is_ca": false,
                "issuer": "CN=Amazon,OU=Server CA 1B,O=Amazon,C=US",
                "not_after": "2022-07-13T23:59:59Z",
                "not_before": "2021-06-14T00:00:00Z",
                "public_key_algorithm": "RSA",
                "serial_number": "13376262645102947973267405586136514866",
                "sha1_fingerprint": "9c0da9d9d621cab0b6b4007f33c7fc64c798ceb4",
                "signature_algorithm": "SHA256-RSA",
                "subject": "CN=oidc.eks.eu-west-1.amazonaws.com",
                "version": 3
              }
            ],
            "id": "2022-05-13 12:05:48.8599761 +0000 UTC",
            "url": "https://oidc.eks.eu-west-1.amazonaws.com/id/8B7A0698095662C76BAE099517379E36",
            "verify_chain": true
          },
          "sensitive_attributes": []
        }
      ]
    },
    {
      "module": "module.eks",
      "mode": "managed",
      "type": "aws_cloudwatch_log_group",
      "name": "cloudwatch_log_group",
      "provider": "provider[\"registry.terraform.io/hashicorp/aws\"]",
      "instances": [
        {
          "schema_version": 0,
          "attributes": {
            "arn": "arn:aws:logs:eu-west-1:741032333307:log-group:/aws/eks/ekstest-testing/cluster",
            "id": "/aws/eks/ekstest-testing/cluster",
            "kms_key_id": "",
            "name": "/aws/eks/ekstest-testing/cluster",
            "name_prefix": null,
            "retention_in_days": 30,
            "tags": {
              "Name": "ekstest-testing-eks-cloudwatch-log-group"
            },
            "tags_all": {
              "Name": "ekstest-testing-eks-cloudwatch-log-group"
            }
          },
          "sensitive_attributes": [],
          "private": "bnVsbA=="
        }
      ]
    },
    {
      "module": "module.eks",
      "mode": "managed",
      "type": "aws_eks_cluster",
      "name": "eks_cluster",
      "provider": "provider[\"registry.terraform.io/hashicorp/aws\"]",
      "instances": [
        {
          "schema_version": 0,
          "attributes": {
            "arn": "arn:aws:eks:eu-west-1:741032333307:cluster/ekstest-testing",
            "certificate_authority": [
              {
                "data": "LS0tLS1CRUdJTiBDRVJUSUZJQ0FURS0tLS0tCk1JSUM1ekNDQWMrZ0F3SUJBZ0lCQURBTkJna3Foa2lHOXcwQkFRc0ZBREFWTVJNd0VRWURWUVFERXdwcmRXSmwKY201bGRHVnpNQjRYRFRJeU1EVXhNekV4TXpVMU5sb1hEVE15TURVeE1ERXhNelUxTmxvd0ZURVRNQkVHQTFVRQpBeE1LYTNWaVpYSnVaWFJsY3pDQ0FTSXdEUVlKS29aSWh2Y05BUUVCQlFBRGdnRVBBRENDQVFvQ2dnRUJBS0I0CkswTnlwbk1VK1lXUnkwcGtsTjFHNkk5eWFxYmRqMC9lSFdDeFc4Ty9LdnBjWW1Eanp1a2Q1YUpRWVVsRWlnQlYKTnEzeEk1UVpNV3NLcnMydEIvRUVBbFZabW45V3lFNkQvRXNqK3BYeklGZG45MElYaHZva2dKR2VYUnE2OGhyQwoyMEQ0V0tqYUVrdmRuRVl2SityVWVBS2ZEaTZQTmp0U0FjUGZ3VWVNY1E4eWU0c2RnY0c4Z3hUZklpbDArWmtrCmIxSWxONmt0Qml4SGZpazlHT1FyckhQUnVUbHQ5OVJZREVjb3ljV3VNRzIrcS9ZaHREUzlFdWM2TVRUdDBOUlUKQ0VnVS8xSDdyTnpYMUNkRklHeXIvVmdmc0MzTVZtc0cyL1ZkUU1tOHZDSXlPQStsYWZoSGlhTlZYUVA2ZUR4SgprcGNyV2VYRGFBcGRGNTdxRzI4Q0F3RUFBYU5DTUVBd0RnWURWUjBQQVFIL0JBUURBZ0trTUE4R0ExVWRFd0VCCi93UUZNQU1CQWY4d0hRWURWUjBPQkJZRUZQN0RmakpwdmZ5SXdnc3F4MlJBdmY2VUFaNmpNQTBHQ1NxR1NJYjMKRFFFQkN3VUFBNElCQVFBbWx1WnRFYUc0QktZUzUxaFhRdkVGanhmNkY3MTNqN0NwbGZuVCs4V2hmRlQxYjJmWQpnTzlwdkhTS0ZFM2czSHZLQ0pWajZER0p0NFE5aVltaGFvWjBnR0M0bXB3VDM3ekl6N3E5bG96akdrcHN1dTlxCkJacUgvTnNzOWFQSmNSSTBBNU9xdDJ4bEtVRlNIRGpPNUVOVzhzTU5nakhDZ0phelNoQ1NiQlhBckVHdjJ1M3UKcWZKdnZ3YnpzOENRN0szUzk2UWthNEFJWlBRUzFuNFI1SVFHWUhiZ1VSdU14QXJ2QzZGQ1dia3dtaDhxeHFpegpOUUlEejJQUThGdGZwMGFnekRVYXNhL2FnSUlIMjhZUmRYVnBjdjRXWXArb2h2SlNzK3YvM3NTTENHK1JRZ3kxCkRGTGFJejF6L1VmVzdGV3VBak80V29NbEdxUWtlSmdva29pcQotLS0tLUVORCBDRVJUSUZJQ0FURS0tLS0tCg=="
              }
            ],
            "created_at": "2022-05-13 11:30:18.761 +0000 UTC",
            "enabled_cluster_log_types": [
              "api",
              "audit",
              "authenticator",
              "controllerManager",
              "scheduler"
            ],
            "encryption_config": [],
            "endpoint": "https://8B7A0698095662C76BAE099517379E36.gr7.eu-west-1.eks.amazonaws.com",
            "id": "ekstest-testing",
            "identity": [
              {
                "oidc": [
                  {
                    "issuer": "https://oidc.eks.eu-west-1.amazonaws.com/id/8B7A0698095662C76BAE099517379E36"
                  }
                ]
              }
            ],
            "kubernetes_network_config": [
              {
                "ip_family": "ipv4",
                "service_ipv4_cidr": "10.100.0.0/16"
              }
            ],
            "name": "ekstest-testing",
            "platform_version": "eks.6",
            "role_arn": "arn:aws:iam::741032333307:role/ekstest-cluster-role",
            "status": "ACTIVE",
            "tags": {},
            "tags_all": {},
            "timeouts": {
              "create": null,
              "delete": "30m",
              "update": null
            },
            "version": "1.21",
            "vpc_config": [
              {
                "cluster_security_group_id": "sg-0659e5ccd21eec2aa",
                "endpoint_private_access": false,
                "endpoint_public_access": true,
                "public_access_cidrs": [
                  "0.0.0.0/0"
                ],
                "security_group_ids": [],
                "subnet_ids": [
                  "subnet-024836a9ea3639b80",
                  "subnet-07132273ff581d68d",
                  "subnet-0d66c02bcf661c823",
                  "subnet-0e860d02c6019b9d2"
                ],
                "vpc_id": "vpc-0d09fe29c02258f8d"
              }
            ]
          },
          "sensitive_attributes": [],
          "private": "eyJlMmJmYjczMC1lY2FhLTExZTYtOGY4OC0zNDM2M2JjN2M0YzAiOnsiY3JlYXRlIjoxODAwMDAwMDAwMDAwLCJkZWxldGUiOjE4MDAwMDAwMDAwMDAsInVwZGF0ZSI6MzYwMDAwMDAwMDAwMH19",
          "dependencies": [
            "module.eks.aws_cloudwatch_log_group.cloudwatch_log_group",
            "module.eks.aws_iam_role.eks_cluster_role",
            "module.eks.aws_iam_role_policy_attachment.AmazonEKSClusterPolicy1",
            "module.eks.aws_iam_role_policy_attachment.AmazonEKSVPCResourceController1",
            "module.vpc.aws_subnet.private",
            "module.vpc.aws_subnet.public",
            "module.vpc.aws_vpc.main"
          ]
        }
      ]
    },
    {
      "module": "module.eks",
      "mode": "managed",
      "type": "aws_eks_fargate_profile",
      "name": "coredns",
      "provider": "provider[\"registry.terraform.io/hashicorp/aws\"]",
      "instances": [
        {
          "schema_version": 0,
          "attributes": {
            "arn": "arn:aws:eks:eu-west-1:741032333307:fargateprofile/ekstest-testing/coredns/1cc05e9d-1b6b-47ec-95d6-68936ea5b79e",
            "cluster_name": "ekstest-testing",
            "fargate_profile_name": "coredns",
            "id": "ekstest-testing:coredns",
            "pod_execution_role_arn": "arn:aws:iam::741032333307:role/ekstest-fargate_cluster_role",
            "selector": [
              {
                "labels": {
                  "k8s-app": "kube-dns"
                },
                "namespace": "kube-system"
              }
            ],
            "status": "ACTIVE",
            "subnet_ids": [
              "subnet-0d66c02bcf661c823",
              "subnet-0e860d02c6019b9d2"
            ],
            "tags": {},
            "tags_all": {},
            "timeouts": null
          },
          "sensitive_attributes": [],
          "private": "eyJlMmJmYjczMC1lY2FhLTExZTYtOGY4OC0zNDM2M2JjN2M0YzAiOnsiY3JlYXRlIjo2MDAwMDAwMDAwMDAsImRlbGV0ZSI6NjAwMDAwMDAwMDAwfX0=",
          "dependencies": [
            "module.eks.aws_cloudwatch_log_group.cloudwatch_log_group",
            "module.eks.aws_eks_cluster.eks_cluster",
            "module.eks.aws_iam_role.eks_cluster_role",
            "module.eks.aws_iam_role.eks_fargate_role",
            "module.eks.aws_iam_role_policy_attachment.AmazonEKSClusterPolicy1",
            "module.eks.aws_iam_role_policy_attachment.AmazonEKSVPCResourceController1",
            "module.vpc.aws_subnet.private",
            "module.vpc.aws_subnet.public",
            "module.vpc.aws_vpc.main"
          ]
        }
      ]
    },
    {
      "module": "module.eks",
      "mode": "managed",
      "type": "aws_eks_fargate_profile",
      "name": "eks_fargate",
      "provider": "provider[\"registry.terraform.io/hashicorp/aws\"]",
      "instances": [
        {
          "schema_version": 0,
          "attributes": {
            "arn": "arn:aws:eks:eu-west-1:741032333307:fargateprofile/ekstest-testing/ekstest-testing-fargate-profile/3ec05e9c-6d67-1a09-55a6-f3feba964f32",
            "cluster_name": "ekstest-testing",
            "fargate_profile_name": "ekstest-testing-fargate-profile",
            "id": "ekstest-testing:ekstest-testing-fargate-profile",
            "pod_execution_role_arn": "arn:aws:iam::741032333307:role/ekstest-fargate_cluster_role",
            "selector": [
              {
                "labels": {},
                "namespace": "fargate-node"
              }
            ],
            "status": "ACTIVE",
            "subnet_ids": [
              "subnet-0d66c02bcf661c823",
              "subnet-0e860d02c6019b9d2"
            ],
            "tags": {},
            "tags_all": {},
            "timeouts": {
              "create": "30m",
              "delete": "30m"
            }
          },
          "sensitive_attributes": [],
          "private": "eyJlMmJmYjczMC1lY2FhLTExZTYtOGY4OC0zNDM2M2JjN2M0YzAiOnsiY3JlYXRlIjoxODAwMDAwMDAwMDAwLCJkZWxldGUiOjE4MDAwMDAwMDAwMDB9fQ==",
          "dependencies": [
            "module.eks.aws_cloudwatch_log_group.cloudwatch_log_group",
            "module.eks.aws_eks_cluster.eks_cluster",
            "module.eks.aws_iam_role.eks_cluster_role",
            "module.eks.aws_iam_role.eks_fargate_role",
            "module.eks.aws_iam_role_policy_attachment.AmazonEKSClusterPolicy1",
            "module.eks.aws_iam_role_policy_attachment.AmazonEKSVPCResourceController1",
            "module.vpc.aws_subnet.private",
            "module.vpc.aws_subnet.public",
            "module.vpc.aws_vpc.main"
          ]
        }
      ]
    },
    {
      "module": "module.eks",
      "mode": "managed",
      "type": "aws_iam_openid_connect_provider",
      "name": "main",
      "provider": "provider[\"registry.terraform.io/hashicorp/aws\"]",
      "instances": [
        {
          "schema_version": 0,
          "attributes": {
            "arn": "arn:aws:iam::741032333307:oidc-provider/oidc.eks.eu-west-1.amazonaws.com/id/8B7A0698095662C76BAE099517379E36",
            "client_id_list": [
              "sts.amazonaws.com"
            ],
            "id": "arn:aws:iam::741032333307:oidc-provider/oidc.eks.eu-west-1.amazonaws.com/id/8B7A0698095662C76BAE099517379E36",
            "tags": {},
            "tags_all": {},
            "thumbprint_list": [
              "9e99a48a9960b14926bb7f3b02e22da2b0ab7280"
            ],
            "url": "oidc.eks.eu-west-1.amazonaws.com/id/8B7A0698095662C76BAE099517379E36"
          },
          "sensitive_attributes": [],
          "private": "bnVsbA==",
          "dependencies": [
            "module.eks.aws_cloudwatch_log_group.cloudwatch_log_group",
            "module.eks.aws_eks_cluster.eks_cluster",
            "module.eks.aws_iam_role.eks_cluster_role",
            "module.eks.aws_iam_role_policy_attachment.AmazonEKSClusterPolicy1",
            "module.eks.aws_iam_role_policy_attachment.AmazonEKSVPCResourceController1",
            "module.eks.data.tls_certificate.auth",
            "module.vpc.aws_subnet.private",
            "module.vpc.aws_subnet.public",
            "module.vpc.aws_vpc.main"
          ]
        }
      ]
    },
    {
      "module": "module.eks",
      "mode": "managed",
      "type": "aws_iam_policy",
      "name": "AmazonEKSClusterCloudWatchMetricsPolicy",
      "provider": "provider[\"registry.terraform.io/hashicorp/aws\"]",
      "instances": [
        {
          "schema_version": 0,
          "attributes": {
            "arn": "arn:aws:iam::741032333307:policy/AmazonEKSClusterCloudWatchMetricsPolicy",
            "description": "",
            "id": "arn:aws:iam::741032333307:policy/AmazonEKSClusterCloudWatchMetricsPolicy",
            "name": "AmazonEKSClusterCloudWatchMetricsPolicy",
            "name_prefix": null,
            "path": "/",
            "policy": "{\"Statement\":[{\"Action\":[\"cloudwatch:PutMetricData\"],\"Effect\":\"Allow\",\"Resource\":\"*\"}],\"Version\":\"2012-10-17\"}",
            "policy_id": "ANPA2ZCHYB756QBMICVKN",
            "tags": {},
            "tags_all": {}
          },
          "sensitive_attributes": [],
          "private": "bnVsbA=="
        }
      ]
    },
    {
      "module": "module.eks",
      "mode": "managed",
      "type": "aws_iam_role",
      "name": "eks_cluster_role",
      "provider": "provider[\"registry.terraform.io/hashicorp/aws\"]",
      "instances": [
        {
          "schema_version": 0,
          "attributes": {
            "arn": "arn:aws:iam::741032333307:role/ekstest-cluster-role",
            "assume_role_policy": "{\"Version\":\"2012-10-17\",\"Statement\":[{\"Effect\":\"Allow\",\"Principal\":{\"Service\":[\"eks-fargate-pods.amazonaws.com\",\"eks.amazonaws.com\"]},\"Action\":\"sts:AssumeRole\"}]}",
            "create_date": "2022-05-13T11:28:53Z",
            "description": "Allow cluster to manage node groups, fargate nodes and cloudwatch logs",
            "force_detach_policies": true,
            "id": "ekstest-cluster-role",
            "inline_policy": [
              {
                "name": "",
                "policy": ""
              }
            ],
            "managed_policy_arns": [
              "arn:aws:iam::741032333307:policy/AmazonEKSClusterCloudWatchMetricsPolicy",
              "arn:aws:iam::aws:policy/AmazonEKSClusterPolicy",
              "arn:aws:iam::aws:policy/AmazonEKSVPCResourceController"
            ],
            "max_session_duration": 3600,
            "name": "ekstest-cluster-role",
            "name_prefix": "",
            "path": "/",
            "permissions_boundary": null,
            "tags": {},
            "tags_all": {},
            "unique_id": "AROA2ZCHYB75WS22JFJQC"
          },
          "sensitive_attributes": [],
          "private": "bnVsbA=="
        }
      ]
    },
    {
      "module": "module.eks",
      "mode": "managed",
      "type": "aws_iam_role",
      "name": "eks_fargate_role",
      "provider": "provider[\"registry.terraform.io/hashicorp/aws\"]",
      "instances": [
        {
          "schema_version": 0,
          "attributes": {
            "arn": "arn:aws:iam::741032333307:role/ekstest-fargate_cluster_role",
            "assume_role_policy": "{\"Version\":\"2012-10-17\",\"Statement\":[{\"Effect\":\"Allow\",\"Principal\":{\"Service\":[\"eks-fargate-pods.amazonaws.com\",\"eks.amazonaws.com\"]},\"Action\":\"sts:AssumeRole\"}]}",
            "create_date": "2022-05-13T11:28:54Z",
            "description": "Allow fargate cluster to allocate resources for running pods",
            "force_detach_policies": true,
            "id": "ekstest-fargate_cluster_role",
            "inline_policy": [
              {
                "name": "",
                "policy": ""
              }
            ],
            "managed_policy_arns": [
              "arn:aws:iam::aws:policy/AmazonEKSClusterPolicy",
              "arn:aws:iam::aws:policy/AmazonEKSFargatePodExecutionRolePolicy",
              "arn:aws:iam::aws:policy/AmazonEKSVPCResourceController"
            ],
            "max_session_duration": 3600,
            "name": "ekstest-fargate_cluster_role",
            "name_prefix": "",
            "path": "/",
            "permissions_boundary": null,
            "tags": {},
            "tags_all": {},
            "unique_id": "AROA2ZCHYB756AIOGGTB7"
          },
          "sensitive_attributes": [],
          "private": "bnVsbA=="
        }
      ]
    },
    {
      "module": "module.eks",
      "mode": "managed",
      "type": "aws_iam_role_policy_attachment",
      "name": "AmazonEKSCloudWatchMetricsPolicy",
      "provider": "provider[\"registry.terraform.io/hashicorp/aws\"]",
      "instances": [
        {
          "schema_version": 0,
          "attributes": {
            "id": "ekstest-cluster-role-20220513112922431000000006",
            "policy_arn": "arn:aws:iam::741032333307:policy/AmazonEKSClusterCloudWatchMetricsPolicy",
            "role": "ekstest-cluster-role"
          },
          "sensitive_attributes": [],
          "private": "bnVsbA==",
          "dependencies": [
            "module.eks.aws_iam_policy.AmazonEKSClusterCloudWatchMetricsPolicy",
            "module.eks.aws_iam_role.eks_cluster_role"
          ]
        }
      ]
    },
    {
      "module": "module.eks",
      "mode": "managed",
      "type": "aws_iam_role_policy_attachment",
      "name": "AmazonEKSClusterPolicy",
      "provider": "provider[\"registry.terraform.io/hashicorp/aws\"]",
      "instances": [
        {
          "schema_version": 0,
          "attributes": {
            "id": "ekstest-fargate_cluster_role-20220513112906510600000002",
            "policy_arn": "arn:aws:iam::aws:policy/AmazonEKSClusterPolicy",
            "role": "ekstest-fargate_cluster_role"
          },
          "sensitive_attributes": [],
          "private": "bnVsbA==",
          "dependencies": [
            "module.eks.aws_iam_role.eks_fargate_role"
          ]
        }
      ]
    },
    {
      "module": "module.eks",
      "mode": "managed",
      "type": "aws_iam_role_policy_attachment",
      "name": "AmazonEKSClusterPolicy1",
      "provider": "provider[\"registry.terraform.io/hashicorp/aws\"]",
      "instances": [
        {
          "schema_version": 0,
          "attributes": {
            "id": "ekstest-cluster-role-20220513112906627700000003",
            "policy_arn": "arn:aws:iam::aws:policy/AmazonEKSClusterPolicy",
            "role": "ekstest-cluster-role"
          },
          "sensitive_attributes": [],
          "private": "bnVsbA==",
          "dependencies": [
            "module.eks.aws_iam_role.eks_cluster_role"
          ]
        }
      ]
    },
    {
      "module": "module.eks",
      "mode": "managed",
      "type": "aws_iam_role_policy_attachment",
      "name": "AmazonEKSFargatePodExecutionRolePolicy",
      "provider": "provider[\"registry.terraform.io/hashicorp/aws\"]",
      "instances": [
        {
          "schema_version": 0,
          "attributes": {
            "id": "ekstest-fargate_cluster_role-20220513112903659600000001",
            "policy_arn": "arn:aws:iam::aws:policy/AmazonEKSFargatePodExecutionRolePolicy",
            "role": "ekstest-fargate_cluster_role"
          },
          "sensitive_attributes": [],
          "private": "bnVsbA==",
          "dependencies": [
            "module.eks.aws_iam_role.eks_fargate_role"
          ]
        }
      ]
    },
    {
      "module": "module.eks",
      "mode": "managed",
      "type": "aws_iam_role_policy_attachment",
      "name": "AmazonEKSVPCResourceController",
      "provider": "provider[\"registry.terraform.io/hashicorp/aws\"]",
      "instances": [
        {
          "schema_version": 0,
          "attributes": {
            "id": "ekstest-fargate_cluster_role-20220513112907352300000004",
            "policy_arn": "arn:aws:iam::aws:policy/AmazonEKSVPCResourceController",
            "role": "ekstest-fargate_cluster_role"
          },
          "sensitive_attributes": [],
          "private": "bnVsbA==",
          "dependencies": [
            "module.eks.aws_iam_role.eks_fargate_role"
          ]
        }
      ]
    },
    {
      "module": "module.eks",
      "mode": "managed",
      "type": "aws_iam_role_policy_attachment",
      "name": "AmazonEKSVPCResourceController1",
      "provider": "provider[\"registry.terraform.io/hashicorp/aws\"]",
      "instances": [
        {
          "schema_version": 0,
          "attributes": {
            "id": "ekstest-cluster-role-20220513112907431700000005",
            "policy_arn": "arn:aws:iam::aws:policy/AmazonEKSVPCResourceController",
            "role": "ekstest-cluster-role"
          },
          "sensitive_attributes": [],
          "private": "bnVsbA==",
          "dependencies": [
            "module.eks.aws_iam_role.eks_cluster_role"
          ]
        }
      ]
    },
    {
      "module": "module.kubernetes",
      "mode": "data",
      "type": "aws_caller_identity",
      "name": "current",
      "provider": "provider[\"registry.terraform.io/hashicorp/aws\"]",
      "instances": [
        {
          "schema_version": 0,
          "attributes": {
            "account_id": "741032333307",
            "arn": "arn:aws:sts::741032333307:assumed-role/User/deepak.haridas.kadam@accenture.com",
            "id": "741032333307",
            "user_id": "AROA2ZCHYB75YVW4LVJGV:deepak.haridas.kadam@accenture.com"
          },
          "sensitive_attributes": []
        }
      ]
    },
    {
      "module": "module.kubernetes",
      "mode": "data",
      "type": "aws_eks_cluster",
      "name": "cluster",
      "provider": "provider[\"registry.terraform.io/hashicorp/aws\"]",
      "instances": [
        {
          "schema_version": 0,
          "attributes": {
            "arn": "arn:aws:eks:eu-west-1:741032333307:cluster/ekstest-testing",
            "certificate_authority": [
              {
                "data": "LS0tLS1CRUdJTiBDRVJUSUZJQ0FURS0tLS0tCk1JSUM1ekNDQWMrZ0F3SUJBZ0lCQURBTkJna3Foa2lHOXcwQkFRc0ZBREFWTVJNd0VRWURWUVFERXdwcmRXSmwKY201bGRHVnpNQjRYRFRJeU1EVXhNekV4TXpVMU5sb1hEVE15TURVeE1ERXhNelUxTmxvd0ZURVRNQkVHQTFVRQpBeE1LYTNWaVpYSnVaWFJsY3pDQ0FTSXdEUVlKS29aSWh2Y05BUUVCQlFBRGdnRVBBRENDQVFvQ2dnRUJBS0I0CkswTnlwbk1VK1lXUnkwcGtsTjFHNkk5eWFxYmRqMC9lSFdDeFc4Ty9LdnBjWW1Eanp1a2Q1YUpRWVVsRWlnQlYKTnEzeEk1UVpNV3NLcnMydEIvRUVBbFZabW45V3lFNkQvRXNqK3BYeklGZG45MElYaHZva2dKR2VYUnE2OGhyQwoyMEQ0V0tqYUVrdmRuRVl2SityVWVBS2ZEaTZQTmp0U0FjUGZ3VWVNY1E4eWU0c2RnY0c4Z3hUZklpbDArWmtrCmIxSWxONmt0Qml4SGZpazlHT1FyckhQUnVUbHQ5OVJZREVjb3ljV3VNRzIrcS9ZaHREUzlFdWM2TVRUdDBOUlUKQ0VnVS8xSDdyTnpYMUNkRklHeXIvVmdmc0MzTVZtc0cyL1ZkUU1tOHZDSXlPQStsYWZoSGlhTlZYUVA2ZUR4SgprcGNyV2VYRGFBcGRGNTdxRzI4Q0F3RUFBYU5DTUVBd0RnWURWUjBQQVFIL0JBUURBZ0trTUE4R0ExVWRFd0VCCi93UUZNQU1CQWY4d0hRWURWUjBPQkJZRUZQN0RmakpwdmZ5SXdnc3F4MlJBdmY2VUFaNmpNQTBHQ1NxR1NJYjMKRFFFQkN3VUFBNElCQVFBbWx1WnRFYUc0QktZUzUxaFhRdkVGanhmNkY3MTNqN0NwbGZuVCs4V2hmRlQxYjJmWQpnTzlwdkhTS0ZFM2czSHZLQ0pWajZER0p0NFE5aVltaGFvWjBnR0M0bXB3VDM3ekl6N3E5bG96akdrcHN1dTlxCkJacUgvTnNzOWFQSmNSSTBBNU9xdDJ4bEtVRlNIRGpPNUVOVzhzTU5nakhDZ0phelNoQ1NiQlhBckVHdjJ1M3UKcWZKdnZ3YnpzOENRN0szUzk2UWthNEFJWlBRUzFuNFI1SVFHWUhiZ1VSdU14QXJ2QzZGQ1dia3dtaDhxeHFpegpOUUlEejJQUThGdGZwMGFnekRVYXNhL2FnSUlIMjhZUmRYVnBjdjRXWXArb2h2SlNzK3YvM3NTTENHK1JRZ3kxCkRGTGFJejF6L1VmVzdGV3VBak80V29NbEdxUWtlSmdva29pcQotLS0tLUVORCBDRVJUSUZJQ0FURS0tLS0tCg=="
              }
            ],
            "created_at": "2022-05-13 11:30:18.761 +0000 UTC",
            "enabled_cluster_log_types": [
              "api",
              "audit",
              "authenticator",
              "controllerManager",
              "scheduler"
            ],
            "endpoint": "https://8B7A0698095662C76BAE099517379E36.gr7.eu-west-1.eks.amazonaws.com",
            "id": "ekstest-testing",
            "identity": [
              {
                "oidc": [
                  {
                    "issuer": "https://oidc.eks.eu-west-1.amazonaws.com/id/8B7A0698095662C76BAE099517379E36"
                  }
                ]
              }
            ],
            "kubernetes_network_config": [
              {
                "ip_family": "ipv4",
                "service_ipv4_cidr": "10.100.0.0/16"
              }
            ],
            "name": "ekstest-testing",
            "platform_version": "eks.6",
            "role_arn": "arn:aws:iam::741032333307:role/ekstest-cluster-role",
            "status": "ACTIVE",
            "tags": {},
            "version": "1.21",
            "vpc_config": [
              {
                "cluster_security_group_id": "sg-0659e5ccd21eec2aa",
                "endpoint_private_access": false,
                "endpoint_public_access": true,
                "public_access_cidrs": [
                  "0.0.0.0/0"
                ],
                "security_group_ids": [],
                "subnet_ids": [
                  "subnet-024836a9ea3639b80",
                  "subnet-07132273ff581d68d",
                  "subnet-0d66c02bcf661c823",
                  "subnet-0e860d02c6019b9d2"
                ],
                "vpc_id": "vpc-0d09fe29c02258f8d"
              }
            ]
          },
          "sensitive_attributes": []
        }
      ]
    },
    {
      "module": "module.kubernetes",
      "mode": "data",
      "type": "aws_eks_cluster_auth",
      "name": "cluster",
      "provider": "provider[\"registry.terraform.io/hashicorp/aws\"]",
      "instances": [
        {
          "schema_version": 0,
          "attributes": {
            "id": "ekstest-testing",
            "name": "ekstest-testing",
            "token": "k8s-aws-v1.aHR0cHM6Ly9zdHMuYW1hem9uYXdzLmNvbS8_QWN0aW9uPUdldENhbGxlcklkZW50aXR5JlZlcnNpb249MjAxMS0wNi0xNSZYLUFtei1BbGdvcml0aG09QVdTNC1ITUFDLVNIQTI1NiZYLUFtei1DcmVkZW50aWFsPUFTSUEyWkNIWUI3NTJFTlZZR0g0JTJGMjAyMjA1MTMlMkZ1cy1lYXN0LTElMkZzdHMlMkZhd3M0X3JlcXVlc3QmWC1BbXotRGF0ZT0yMDIyMDUxM1QxMjA1NDhaJlgtQW16LUV4cGlyZXM9MCZYLUFtei1TZWN1cml0eS1Ub2tlbj1JUW9KYjNKcFoybHVYMlZqRUlUJTJGJTJGJTJGJTJGJTJGJTJGJTJGJTJGJTJGJTJGd0VhQ1hWekxXVmhjM1F0TVNKSE1FVUNJUURpRU5Hb2NVdUJ6VEdzZFE1c1BmNVZ1OXR6QkJXV2REYUkwNmxaamlabFN3SWdIWGdlNDdJV2RKdHB2OXZla3h3bERyJTJGeHl5c25xMFJNampkamZ4YjNCNkFxcndJSVhSQUNHZ3czTkRFd016SXpNek16TURjaUROMXdsNUNsdFlJJTJCbERMWU9TcU1BaiUyQmd5ZGhtM3FxVHBHT3FDT3V3MDYlMkJ2TXN0ejc2T0FSYmxUMnZkRjluS0lZViUyRnh2MjczOU9Fck5QVXV6VVNCTm5TYXglMkZGRjdKJTJCV2p4SUczZ1RSQVV6aDZwNmQ2SXRCU1dzYndFcHFBeGUlMkI1MElvMmRsUHgzRGlmeUZ2clh2VHclMkJFWDJTTmFoNzdCeWdJSWslMkZJQjlDUDNaMyUyRnNkN0c4aUVaQzg4JTJGUnM1YjducUN1YnNqVEhCZ0hqZmclMkZXMkowZFMlMkYlMkJlZ2ZCRm5pSDJ1M25TeHZIbDB5OTN3S3R0eUFjWmladlhGMmwwclVMJTJGNGMwQ3Y0TnNMaE1vZk01TjB6JTJCRkNic1I4bW1hemc0VE53dzhCSzZ0STVjVXBKVEVLcmxaNlJJRksycVY3ZTQ5RTRad0UxS2JNeVprWk9hZmt5ZGtzZHJsVHZRWnpaQ0JLUFN3QVQ1WjJhVWJPSzZrVVowenBwSFVIUXd2Skg1a3dZNm5RSFJEZjJIJTJGa2t4R05jbDE2ZlpjeVZ3NFduYjk0WmUxa1FxTEpnNzI2N2c1QUlyazl6ejNjVkNHcnVHWFJzdVBGJTJCdlMzSDlhV2JERDgxajZYRDNLWDM4SjNmSHFVTk9EWmwyWXlDMTR3S09iR3V6bURJZkV4Q1YlMkZrSEJFTEJndmVPVkJxRDhyJTJGYnZwNUJxJTJGSThnRmhYTVdwU2lZZEdJRGlTOFN4VVJiOEwlMkZTUmVKTEtPTjg4NXhIRE8ya3k4M0JlM1JKNTdLam0lMkJXUHJiTW9USSUyQiZYLUFtei1TaWduZWRIZWFkZXJzPWhvc3QlM0J4LWs4cy1hd3MtaWQmWC1BbXotU2lnbmF0dXJlPWUyMjVmN2EwYTc1YTk3YTQ1MTc3NzNiMThhN2U0ZmMyMTc4NDIyYTM1ZjQzMDY3NGZkZjQ3MjUyMzRkM2FiYjg"
          },
          "sensitive_attributes": []
        }
      ]
    },
    {
      "module": "module.kubernetes",
      "mode": "managed",
      "type": "aws_iam_policy",
      "name": "ALB-policy",
      "provider": "provider[\"registry.terraform.io/hashicorp/aws\"]",
      "instances": [
        {
          "schema_version": 0,
          "attributes": {
            "arn": "arn:aws:iam::741032333307:policy/ALBIngressControllerIAMPolicy",
            "description": "",
            "id": "arn:aws:iam::741032333307:policy/ALBIngressControllerIAMPolicy",
            "name": "ALBIngressControllerIAMPolicy",
            "name_prefix": null,
            "path": "/",
            "policy": "{\"Statement\":[{\"Action\":[\"acm:DescribeCertificate\",\"acm:ListCertificates\",\"acm:GetCertificate\"],\"Effect\":\"Allow\",\"Resource\":\"*\"},{\"Action\":[\"ec2:AuthorizeSecurityGroupIngress\",\"ec2:CreateSecurityGroup\",\"ec2:CreateTags\",\"ec2:DeleteTags\",\"ec2:DeleteSecurityGroup\",\"ec2:DescribeAccountAttributes\",\"ec2:DescribeAddresses\",\"ec2:DescribeInstances\",\"ec2:DescribeInstanceStatus\",\"ec2:DescribeInternetGateways\",\"ec2:DescribeNetworkInterfaces\",\"ec2:DescribeSecurityGroups\",\"ec2:DescribeSubnets\",\"ec2:DescribeTags\",\"ec2:DescribeVpcs\",\"ec2:ModifyInstanceAttribute\",\"ec2:ModifyNetworkInterfaceAttribute\",\"ec2:RevokeSecurityGroupIngress\"],\"Effect\":\"Allow\",\"Resource\":\"*\"},{\"Action\":[\"elasticloadbalancing:AddListenerCertificates\",\"elasticloadbalancing:AddTags\",\"elasticloadbalancing:CreateListener\",\"elasticloadbalancing:CreateLoadBalancer\",\"elasticloadbalancing:CreateRule\",\"elasticloadbalancing:CreateTargetGroup\",\"elasticloadbalancing:DeleteListener\",\"elasticloadbalancing:DeleteLoadBalancer\",\"elasticloadbalancing:DeleteRule\",\"elasticloadbalancing:DeleteTargetGroup\",\"elasticloadbalancing:DeregisterTargets\",\"elasticloadbalancing:DescribeListenerCertificates\",\"elasticloadbalancing:DescribeListeners\",\"elasticloadbalancing:DescribeLoadBalancers\",\"elasticloadbalancing:DescribeLoadBalancerAttributes\",\"elasticloadbalancing:DescribeRules\",\"elasticloadbalancing:DescribeSSLPolicies\",\"elasticloadbalancing:DescribeTags\",\"elasticloadbalancing:DescribeTargetGroups\",\"elasticloadbalancing:DescribeTargetGroupAttributes\",\"elasticloadbalancing:DescribeTargetHealth\",\"elasticloadbalancing:ModifyListener\",\"elasticloadbalancing:ModifyLoadBalancerAttributes\",\"elasticloadbalancing:ModifyRule\",\"elasticloadbalancing:ModifyTargetGroup\",\"elasticloadbalancing:ModifyTargetGroupAttributes\",\"elasticloadbalancing:RegisterTargets\",\"elasticloadbalancing:RemoveListenerCertificates\",\"elasticloadbalancing:RemoveTags\",\"elasticloadbalancing:SetIpAddressType\",\"elasticloadbalancing:SetSecurityGroups\",\"elasticloadbalancing:SetSubnets\",\"elasticloadbalancing:SetWebACL\"],\"Effect\":\"Allow\",\"Resource\":\"*\"},{\"Action\":[\"iam:CreateServiceLinkedRole\",\"iam:GetServerCertificate\",\"iam:ListServerCertificates\"],\"Effect\":\"Allow\",\"Resource\":\"*\"},{\"Action\":[\"cognito-idp:DescribeUserPoolClient\"],\"Effect\":\"Allow\",\"Resource\":\"*\"},{\"Action\":[\"waf-regional:GetWebACLForResource\",\"waf-regional:GetWebACL\",\"waf-regional:AssociateWebACL\",\"waf-regional:DisassociateWebACL\"],\"Effect\":\"Allow\",\"Resource\":\"*\"},{\"Action\":[\"tag:GetResources\",\"tag:TagResources\"],\"Effect\":\"Allow\",\"Resource\":\"*\"},{\"Action\":[\"waf:GetWebACL\"],\"Effect\":\"Allow\",\"Resource\":\"*\"}],\"Version\":\"2012-10-17\"}",
            "policy_id": "ANPA2ZCHYB75RXTGRBDSW",
            "tags": null,
            "tags_all": {}
          },
          "sensitive_attributes": [],
          "private": "bnVsbA=="
        }
      ]
    },
    {
      "module": "module.kubernetes",
      "mode": "managed",
      "type": "aws_iam_role",
      "name": "eks_alb_ingress_controller",
      "provider": "provider[\"registry.terraform.io/hashicorp/aws\"]",
      "instances": [
        {
          "schema_version": 0,
          "attributes": {
            "arn": "arn:aws:iam::741032333307:role/eks-alb-ingress-controller",
            "assume_role_policy": "{\"Version\":\"2012-10-17\",\"Statement\":[{\"Effect\":\"Allow\",\"Principal\":{\"Federated\":\"arn:aws:iam::741032333307:oidc-provider/oidc.eks.eu-west-1.amazonaws.com/id/8B7A0698095662C76BAE099517379E36\"},\"Action\":\"sts:AssumeRoleWithWebIdentity\",\"Condition\":{\"StringEquals\":{\"oidc.eks.eu-west-1.amazonaws.com/id/8B7A0698095662C76BAE099517379E36:sub\":\"system:serviceaccount:kube-system:alb-ingress-controller\"}}}]}",
            "create_date": "2022-05-13T12:06:45Z",
            "description": "Permissions required by the Kubernetes AWS ALB Ingress controller to do it's job.",
            "force_detach_policies": true,
            "id": "eks-alb-ingress-controller",
            "inline_policy": [
              {
                "name": "",
                "policy": ""
              }
            ],
            "managed_policy_arns": [],
            "max_session_duration": 3600,
            "name": "eks-alb-ingress-controller",
            "name_prefix": "",
            "path": "/",
            "permissions_boundary": null,
            "tags": null,
            "tags_all": {},
            "unique_id": "AROA2ZCHYB756LTIU2YFD"
          },
          "sensitive_attributes": [],
          "private": "bnVsbA==",
          "dependencies": [
            "module.kubernetes.data.aws_caller_identity.current",
            "module.kubernetes.data.aws_eks_cluster.cluster"
          ]
        }
      ]
    },
    {
      "module": "module.kubernetes",
      "mode": "managed",
      "type": "aws_iam_role_policy_attachment",
      "name": "ALB-policy_attachment",
      "provider": "provider[\"registry.terraform.io/hashicorp/aws\"]",
      "instances": [
        {
          "schema_version": 0,
          "attributes": {
            "id": "eks-alb-ingress-controller-20220513120648090900000001",
            "policy_arn": "arn:aws:iam::741032333307:policy/ALBIngressControllerIAMPolicy",
            "role": "eks-alb-ingress-controller"
          },
          "sensitive_attributes": [],
          "private": "bnVsbA==",
          "dependencies": [
            "module.kubernetes.aws_iam_policy.ALB-policy",
            "module.kubernetes.aws_iam_role.eks_alb_ingress_controller",
            "module.kubernetes.data.aws_caller_identity.current",
            "module.kubernetes.data.aws_eks_cluster.cluster"
          ]
        }
      ]
    },
    {
      "module": "module.kubernetes",
      "mode": "managed",
      "type": "kubernetes_cluster_role",
      "name": "ingress",
      "provider": "module.kubernetes.provider[\"registry.terraform.io/hashicorp/kubernetes\"]",
      "instances": [
        {
          "schema_version": 0,
          "attributes": {
            "aggregation_rule": [],
            "id": "alb-ingress-controller",
            "metadata": [
              {
                "annotations": null,
                "generation": 0,
                "labels": {
                  "app.kubernetes.io/managed-by": "terraform",
                  "app.kubernetes.io/name": "alb-ingress-controller"
                },
                "name": "alb-ingress-controller",
                "resource_version": "5151",
                "uid": "bb43cc4a-2836-47c4-97fb-d26f95f44895"
              }
            ],
            "rule": [
              {
                "api_groups": [
                  "",
                  "extensions"
                ],
                "non_resource_urls": null,
                "resource_names": null,
                "resources": [
                  "configmaps",
                  "endpoints",
                  "events",
                  "ingresses",
                  "ingresses/status",
                  "services"
                ],
                "verbs": [
                  "create",
                  "get",
                  "list",
                  "update",
                  "watch",
                  "patch"
                ]
              },
              {
                "api_groups": [
                  "",
                  "extensions"
                ],
                "non_resource_urls": null,
                "resource_names": null,
                "resources": [
                  "nodes",
                  "pods",
                  "secrets",
                  "services",
                  "namespaces"
                ],
                "verbs": [
                  "get",
                  "list",
                  "watch"
                ]
              }
            ]
          },
          "sensitive_attributes": [],
          "private": "bnVsbA==",
          "dependencies": [
            "module.kubernetes.data.aws_eks_cluster.cluster",
            "module.kubernetes.data.aws_eks_cluster_auth.cluster"
          ]
        }
      ]
    },
    {
      "module": "module.kubernetes",
      "mode": "managed",
      "type": "kubernetes_cluster_role_binding",
      "name": "ingress",
      "provider": "module.kubernetes.provider[\"registry.terraform.io/hashicorp/kubernetes\"]",
      "instances": [
        {
          "schema_version": 0,
          "attributes": {
            "id": "alb-ingress-controller",
            "metadata": [
              {
                "annotations": null,
                "generation": 0,
                "labels": {
                  "app.kubernetes.io/managed-by": "terraform",
                  "app.kubernetes.io/name": "alb-ingress-controller"
                },
                "name": "alb-ingress-controller",
                "resource_version": "5187",
                "uid": "3087db62-fb0f-46a3-90f0-9ad7eb7abb0e"
              }
            ],
            "role_ref": [
              {
                "api_group": "rbac.authorization.k8s.io",
                "kind": "ClusterRole",
                "name": "alb-ingress-controller"
              }
            ],
            "subject": [
              {
                "api_group": "",
                "kind": "ServiceAccount",
                "name": "alb-ingress-controller",
                "namespace": "fargate-node"
              }
            ]
          },
          "sensitive_attributes": [],
          "private": "bnVsbA==",
          "dependencies": [
            "module.kubernetes.aws_iam_role.eks_alb_ingress_controller",
            "module.kubernetes.data.aws_caller_identity.current",
            "module.kubernetes.data.aws_eks_cluster.cluster",
            "module.kubernetes.data.aws_eks_cluster_auth.cluster",
            "module.kubernetes.kubernetes_cluster_role.ingress",
            "module.kubernetes.kubernetes_service_account.ingress"
          ]
        }
      ]
    },
    {
      "module": "module.kubernetes",
      "mode": "managed",
      "type": "kubernetes_deployment",
      "name": "app",
      "provider": "module.kubernetes.provider[\"registry.terraform.io/hashicorp/kubernetes\"]",
      "instances": [
        {
          "schema_version": 1,
          "attributes": {
            "id": "fargate-node/owncloud-server",
            "metadata": [
              {
                "annotations": null,
                "generate_name": "",
                "generation": 1,
                "labels": {
                  "app": "owncloud"
                },
                "name": "owncloud-server",
                "namespace": "fargate-node",
                "resource_version": "5575",
                "uid": "1d30a09d-9b4a-4883-968e-f558014e932d"
              }
            ],
            "spec": [
              {
                "min_ready_seconds": 0,
                "paused": false,
                "progress_deadline_seconds": 600,
                "replicas": "2",
                "revision_history_limit": 10,
                "selector": [
                  {
                    "match_expressions": [],
                    "match_labels": {
                      "app": "owncloud"
                    }
                  }
                ],
                "strategy": [
                  {
                    "rolling_update": [
                      {
                        "max_surge": "25%",
                        "max_unavailable": "25%"
                      }
                    ],
                    "type": "RollingUpdate"
                  }
                ],
                "template": [
                  {
                    "metadata": [
                      {
                        "annotations": null,
                        "generate_name": "",
                        "generation": 0,
                        "labels": {
                          "app": "owncloud"
                        },
                        "name": "",
                        "namespace": "",
                        "resource_version": "",
                        "uid": ""
                      }
                    ],
                    "spec": [
                      {
                        "active_deadline_seconds": 0,
                        "affinity": [],
                        "automount_service_account_token": true,
                        "container": [
                          {
                            "args": null,
                            "command": null,
                            "env": [],
                            "env_from": [],
                            "image": "owncloud",
                            "image_pull_policy": "Always",
                            "lifecycle": [],
                            "liveness_probe": [],
                            "name": "owncloud-server",
                            "port": [
                              {
                                "container_port": 80,
                                "host_ip": "",
                                "host_port": 0,
                                "name": "",
                                "protocol": "TCP"
                              }
                            ],
                            "readiness_probe": [],
                            "resources": [
                              {
                                "limits": null,
                                "requests": null
                              }
                            ],
                            "security_context": [],
                            "startup_probe": [],
                            "stdin": false,
                            "stdin_once": false,
                            "termination_message_path": "/dev/termination-log",
                            "termination_message_policy": "File",
                            "tty": false,
                            "volume_mount": [],
                            "working_dir": ""
                          }
                        ],
                        "dns_config": [],
                        "dns_policy": "ClusterFirst",
                        "enable_service_links": true,
                        "host_aliases": [],
                        "host_ipc": false,
                        "host_network": false,
                        "host_pid": false,
                        "hostname": "",
                        "image_pull_secrets": [],
                        "init_container": [],
                        "node_name": "",
                        "node_selector": null,
                        "priority_class_name": "",
                        "readiness_gate": [],
                        "restart_policy": "Always",
                        "security_context": [],
                        "service_account_name": "",
                        "share_process_namespace": false,
                        "subdomain": "",
                        "termination_grace_period_seconds": 30,
                        "toleration": [],
                        "topology_spread_constraint": [],
                        "volume": []
                      }
                    ]
                  }
                ]
              }
            ],
            "timeouts": null,
            "wait_for_rollout": true
          },
          "sensitive_attributes": [],
          "private": "eyJlMmJmYjczMC1lY2FhLTExZTYtOGY4OC0zNDM2M2JjN2M0YzAiOnsiY3JlYXRlIjo2MDAwMDAwMDAwMDAsImRlbGV0ZSI6NjAwMDAwMDAwMDAwLCJ1cGRhdGUiOjYwMDAwMDAwMDAwMH0sInNjaGVtYV92ZXJzaW9uIjoiMSJ9",
          "dependencies": [
            "module.kubernetes.data.aws_eks_cluster.cluster",
            "module.kubernetes.data.aws_eks_cluster_auth.cluster",
            "module.kubernetes.kubernetes_namespace.fargate"
          ]
        }
      ]
    },
    {
      "module": "module.kubernetes",
      "mode": "managed",
      "type": "kubernetes_deployment",
      "name": "ingress",
      "provider": "module.kubernetes.provider[\"registry.terraform.io/hashicorp/kubernetes\"]",
      "instances": [
        {
          "schema_version": 1,
          "attributes": {
            "id": "fargate-node/alb-ingress-controller",
            "metadata": [
              {
                "annotations": null,
                "generate_name": "",
                "generation": 1,
                "labels": {
                  "app.kubernetes.io/managed-by": "terraform",
                  "app.kubernetes.io/name": "alb-ingress-controller",
                  "app.kubernetes.io/version": "5.7.21"
                },
                "name": "alb-ingress-controller",
                "namespace": "fargate-node",
                "resource_version": "5482",
                "uid": "c99a721f-4cc3-4b71-882d-946d7bd56313"
              }
            ],
            "spec": [
              {
                "min_ready_seconds": 0,
                "paused": false,
                "progress_deadline_seconds": 600,
                "replicas": "1",
                "revision_history_limit": 10,
                "selector": [
                  {
                    "match_expressions": [],
                    "match_labels": {
                      "app.kubernetes.io/name": "alb-ingress-controller"
                    }
                  }
                ],
                "strategy": [
                  {
                    "rolling_update": [
                      {
                        "max_surge": "25%",
                        "max_unavailable": "25%"
                      }
                    ],
                    "type": "RollingUpdate"
                  }
                ],
                "template": [
                  {
                    "metadata": [
                      {
                        "annotations": null,
                        "generate_name": "",
                        "generation": 0,
                        "labels": {
                          "app.kubernetes.io/name": "alb-ingress-controller",
                          "app.kubernetes.io/version": "5.7.21"
                        },
                        "name": "",
                        "namespace": "",
                        "resource_version": "",
                        "uid": ""
                      }
                    ],
                    "spec": [
                      {
                        "active_deadline_seconds": 0,
                        "affinity": [],
                        "automount_service_account_token": true,
                        "container": [
                          {
                            "args": [
                              "--ingress-class=alb",
                              "--cluster-name=ekstest-testing",
                              "--aws-vpc-id=vpc-0d09fe29c02258f8d",
                              "--aws-region=us-east-1",
                              "--aws-max-retries=10"
                            ],
                            "command": null,
                            "env": [],
                            "env_from": [],
                            "image": "docker.io/amazon/aws-alb-ingress-controller:v1.1.6",
                            "image_pull_policy": "Always",
                            "lifecycle": [],
                            "liveness_probe": [],
                            "name": "alb-ingress-controller",
                            "port": [],
                            "readiness_probe": [],
                            "resources": [
                              {
                                "limits": null,
                                "requests": null
                              }
                            ],
                            "security_context": [],
                            "startup_probe": [],
                            "stdin": false,
                            "stdin_once": false,
                            "termination_message_path": "/dev/termination-log",
                            "termination_message_policy": "File",
                            "tty": false,
                            "volume_mount": [],
                            "working_dir": ""
                          }
                        ],
                        "dns_config": [],
                        "dns_policy": "ClusterFirst",
                        "enable_service_links": true,
                        "host_aliases": [],
                        "host_ipc": false,
                        "host_network": false,
                        "host_pid": false,
                        "hostname": "",
                        "image_pull_secrets": [],
                        "init_container": [],
                        "node_name": "",
                        "node_selector": null,
                        "priority_class_name": "",
                        "readiness_gate": [],
                        "restart_policy": "Always",
                        "security_context": [],
                        "service_account_name": "alb-ingress-controller",
                        "share_process_namespace": false,
                        "subdomain": "",
                        "termination_grace_period_seconds": 60,
                        "toleration": [],
                        "topology_spread_constraint": [],
                        "volume": []
                      }
                    ]
                  }
                ]
              }
            ],
            "timeouts": null,
            "wait_for_rollout": true
          },
          "sensitive_attributes": [],
          "private": "eyJlMmJmYjczMC1lY2FhLTExZTYtOGY4OC0zNDM2M2JjN2M0YzAiOnsiY3JlYXRlIjo2MDAwMDAwMDAwMDAsImRlbGV0ZSI6NjAwMDAwMDAwMDAwLCJ1cGRhdGUiOjYwMDAwMDAwMDAwMH0sInNjaGVtYV92ZXJzaW9uIjoiMSJ9",
          "dependencies": [
            "module.eks.aws_eks_cluster.eks_cluster",
            "module.kubernetes.aws_iam_role.eks_alb_ingress_controller",
            "module.kubernetes.data.aws_caller_identity.current",
            "module.kubernetes.data.aws_eks_cluster.cluster",
            "module.kubernetes.data.aws_eks_cluster_auth.cluster",
            "module.kubernetes.kubernetes_cluster_role.ingress",
            "module.kubernetes.kubernetes_cluster_role_binding.ingress",
            "module.kubernetes.kubernetes_service_account.ingress",
            "module.vpc.aws_vpc.main"
          ]
        }
      ]
    },
    {
      "module": "module.kubernetes",
      "mode": "managed",
      "type": "kubernetes_ingress",
      "name": "app",
      "provider": "module.kubernetes.provider[\"registry.terraform.io/hashicorp/kubernetes\"]",
      "instances": [
        {
          "schema_version": 1,
          "attributes": {
            "id": "fargate-node/owncloud-lb",
            "metadata": [
              {
                "annotations": {
                  "alb.ingress.kubernetes.io/scheme": "internet-facing",
                  "alb.ingress.kubernetes.io/target-type": "ip",
                  "kubernetes.io/ingress.class": "alb"
                },
                "generate_name": "",
                "generation": 1,
                "labels": {
                  "app": "owncloud"
                },
                "name": "owncloud-lb",
                "namespace": "fargate-node",
                "resource_version": "5605",
                "uid": "b29a9c3b-bf57-4966-a17a-61889ec8c9d0"
              }
            ],
            "spec": [
              {
                "backend": [
                  {
                    "service_name": "owncloud-service",
                    "service_port": "80"
                  }
                ],
                "ingress_class_name": "",
                "rule": [
                  {
                    "host": "",
                    "http": [
                      {
                        "path": [
                          {
                            "backend": [
                              {
                                "service_name": "owncloud-service",
                                "service_port": "80"
                              }
                            ],
                            "path": "/"
                          }
                        ]
                      }
                    ]
                  }
                ],
                "tls": []
              }
            ],
            "status": [
              {
                "load_balancer": [
                  {
                    "ingress": []
                  }
                ]
              }
            ],
            "wait_for_load_balancer": null
          },
          "sensitive_attributes": [],
          "private": "eyJzY2hlbWFfdmVyc2lvbiI6IjEifQ==",
          "dependencies": [
            "module.kubernetes.data.aws_eks_cluster.cluster",
            "module.kubernetes.data.aws_eks_cluster_auth.cluster",
            "module.kubernetes.kubernetes_deployment.app",
            "module.kubernetes.kubernetes_namespace.fargate",
            "module.kubernetes.kubernetes_service.app"
          ]
        }
      ]
    },
    {
      "module": "module.kubernetes",
      "mode": "managed",
      "type": "kubernetes_namespace",
      "name": "fargate",
      "provider": "module.kubernetes.provider[\"registry.terraform.io/hashicorp/kubernetes\"]",
      "instances": [
        {
          "schema_version": 0,
          "attributes": {
            "id": "fargate-node",
            "metadata": [
              {
                "annotations": null,
                "generate_name": "",
                "generation": 0,
                "labels": {
                  "app": "owncloud"
                },
                "name": "fargate-node",
                "resource_version": "5152",
                "uid": "0e979565-b402-42a0-be7c-9a7efb62734c"
              }
            ],
            "timeouts": null
          },
          "sensitive_attributes": [],
          "private": "eyJlMmJmYjczMC1lY2FhLTExZTYtOGY4OC0zNDM2M2JjN2M0YzAiOnsiZGVsZXRlIjozMDAwMDAwMDAwMDB9fQ==",
          "dependencies": [
            "module.kubernetes.data.aws_eks_cluster.cluster",
            "module.kubernetes.data.aws_eks_cluster_auth.cluster"
          ]
        }
      ]
    },
    {
      "module": "module.kubernetes",
      "mode": "managed",
      "type": "kubernetes_service",
      "name": "app",
      "provider": "module.kubernetes.provider[\"registry.terraform.io/hashicorp/kubernetes\"]",
      "instances": [
        {
          "schema_version": 1,
          "attributes": {
            "id": "fargate-node/owncloud-server",
            "metadata": [
              {
                "annotations": null,
                "generate_name": "",
                "generation": 0,
                "labels": null,
                "name": "owncloud-server",
                "namespace": "fargate-node",
                "resource_version": "5601",
                "uid": "44d5ba31-088a-4537-bbab-db9b54f1bc64"
              }
            ],
            "spec": [
              {
                "cluster_ip": "10.100.185.207",
                "external_ips": null,
                "external_name": "",
                "external_traffic_policy": "Cluster",
                "health_check_node_port": 0,
                "ip_families": [
                  "IPv4"
                ],
                "ip_family_policy": "SingleStack",
                "load_balancer_ip": "",
                "load_balancer_source_ranges": null,
                "port": [
                  {
                    "app_protocol": "",
                    "name": "",
                    "node_port": 30649,
                    "port": 80,
                    "protocol": "TCP",
                    "target_port": "80"
                  }
                ],
                "publish_not_ready_addresses": false,
                "selector": {
                  "app": "owncloud"
                },
                "session_affinity": "None",
                "type": "NodePort"
              }
            ],
            "status": [
              {
                "load_balancer": [
                  {
                    "ingress": []
                  }
                ]
              }
            ],
            "timeouts": null,
            "wait_for_load_balancer": true
          },
          "sensitive_attributes": [],
          "private": "eyJlMmJmYjczMC1lY2FhLTExZTYtOGY4OC0zNDM2M2JjN2M0YzAiOnsiY3JlYXRlIjo2MDAwMDAwMDAwMDB9LCJzY2hlbWFfdmVyc2lvbiI6IjEifQ==",
          "dependencies": [
            "module.kubernetes.data.aws_eks_cluster.cluster",
            "module.kubernetes.data.aws_eks_cluster_auth.cluster",
            "module.kubernetes.kubernetes_deployment.app",
            "module.kubernetes.kubernetes_namespace.fargate"
          ]
        }
      ]
    },
    {
      "module": "module.kubernetes",
      "mode": "managed",
      "type": "kubernetes_service_account",
      "name": "ingress",
      "provider": "module.kubernetes.provider[\"registry.terraform.io/hashicorp/kubernetes\"]",
      "instances": [
        {
          "schema_version": 0,
          "attributes": {
            "automount_service_account_token": true,
            "default_secret_name": "alb-ingress-controller-token-qmrsn",
            "id": "fargate-node/alb-ingress-controller",
            "image_pull_secret": [],
            "metadata": [
              {
                "annotations": {
                  "eks.amazonaws.com/role-arn": "arn:aws:iam::741032333307:role/eks-alb-ingress-controller"
                },
                "generate_name": "",
                "generation": 0,
                "labels": {
                  "app.kubernetes.io/managed-by": "terraform",
                  "app.kubernetes.io/name": "alb-ingress-controller"
                },
                "name": "alb-ingress-controller",
                "namespace": "fargate-node",
                "resource_version": "5177",
                "uid": "ad3bdc01-f704-407d-8a23-dd2c00d565d2"
              }
            ],
            "secret": [],
            "timeouts": null
          },
          "sensitive_attributes": [],
          "private": "eyJlMmJmYjczMC1lY2FhLTExZTYtOGY4OC0zNDM2M2JjN2M0YzAiOnsiY3JlYXRlIjozMDAwMDAwMDAwMH19",
          "dependencies": [
            "module.kubernetes.aws_iam_role.eks_alb_ingress_controller",
            "module.kubernetes.data.aws_caller_identity.current",
            "module.kubernetes.data.aws_eks_cluster.cluster",
            "module.kubernetes.data.aws_eks_cluster_auth.cluster"
          ]
        }
      ]
    },
    {
      "module": "module.vpc",
      "mode": "managed",
      "type": "aws_eip",
      "name": "nat",
      "provider": "provider[\"registry.terraform.io/hashicorp/aws\"]",
      "instances": [
        {
          "index_key": 0,
          "schema_version": 0,
          "attributes": {
            "address": null,
            "allocation_id": "eipalloc-04b3c30df35fda33b",
            "associate_with_private_ip": null,
            "association_id": "eipassoc-0ac3fc025876763f5",
            "carrier_ip": "",
            "customer_owned_ip": "",
            "customer_owned_ipv4_pool": "",
            "domain": "vpc",
            "id": "eipalloc-04b3c30df35fda33b",
            "instance": "",
            "network_border_group": "eu-west-1",
            "network_interface": "eni-06fd971a3eded98b3",
            "private_dns": "ip-192-168-0-230.eu-west-1.compute.internal",
            "private_ip": "192.168.0.230",
            "public_dns": "ec2-52-19-248-153.eu-west-1.compute.amazonaws.com",
            "public_ip": "52.19.248.153",
            "public_ipv4_pool": "amazon",
            "tags": {},
            "tags_all": {},
            "timeouts": null,
            "vpc": true
          },
          "sensitive_attributes": [],
          "private": "eyJlMmJmYjczMC1lY2FhLTExZTYtOGY4OC0zNDM2M2JjN2M0YzAiOnsiZGVsZXRlIjoxODAwMDAwMDAwMDAsInJlYWQiOjkwMDAwMDAwMDAwMCwidXBkYXRlIjozMDAwMDAwMDAwMDB9fQ=="
        },
        {
          "index_key": 1,
          "schema_version": 0,
          "attributes": {
            "address": null,
            "allocation_id": "eipalloc-0491cd097f7cf2a20",
            "associate_with_private_ip": null,
            "association_id": "eipassoc-0a3547ac242ce8f19",
            "carrier_ip": "",
            "customer_owned_ip": "",
            "customer_owned_ipv4_pool": "",
            "domain": "vpc",
            "id": "eipalloc-0491cd097f7cf2a20",
            "instance": "",
            "network_border_group": "eu-west-1",
            "network_interface": "eni-0255c511d3465db71",
            "private_dns": "ip-192-168-1-132.eu-west-1.compute.internal",
            "private_ip": "192.168.1.132",
            "public_dns": "ec2-52-213-81-236.eu-west-1.compute.amazonaws.com",
            "public_ip": "52.213.81.236",
            "public_ipv4_pool": "amazon",
            "tags": {},
            "tags_all": {},
            "timeouts": null,
            "vpc": true
          },
          "sensitive_attributes": [],
          "private": "eyJlMmJmYjczMC1lY2FhLTExZTYtOGY4OC0zNDM2M2JjN2M0YzAiOnsiZGVsZXRlIjoxODAwMDAwMDAwMDAsInJlYWQiOjkwMDAwMDAwMDAwMCwidXBkYXRlIjozMDAwMDAwMDAwMDB9fQ=="
        }
      ]
    },
    {
      "module": "module.vpc",
      "mode": "managed",
      "type": "aws_internet_gateway",
      "name": "gw",
      "provider": "provider[\"registry.terraform.io/hashicorp/aws\"]",
      "instances": [
        {
          "schema_version": 0,
          "attributes": {
            "arn": "arn:aws:ec2:eu-west-1:741032333307:internet-gateway/igw-0d26a9423209303a5",
            "id": "igw-0d26a9423209303a5",
            "owner_id": "741032333307",
            "tags": {
              "Name": "eks-internet-gateway-testing"
            },
            "tags_all": {
              "Name": "eks-internet-gateway-testing"
            },
            "vpc_id": "vpc-0d09fe29c02258f8d"
          },
          "sensitive_attributes": [],
          "private": "bnVsbA==",
          "dependencies": [
            "module.vpc.aws_vpc.main"
          ]
        }
      ]
    },
    {
      "module": "module.vpc",
      "mode": "managed",
      "type": "aws_nat_gateway",
      "name": "gw",
      "provider": "provider[\"registry.terraform.io/hashicorp/aws\"]",
      "instances": [
        {
          "index_key": 0,
          "schema_version": 0,
          "attributes": {
            "allocation_id": "eipalloc-04b3c30df35fda33b",
            "connectivity_type": "public",
            "id": "nat-0e4f5cc4b6d5a8507",
            "network_interface_id": "eni-06fd971a3eded98b3",
            "private_ip": "192.168.0.230",
            "public_ip": "52.19.248.153",
            "subnet_id": "subnet-024836a9ea3639b80",
            "tags": {
              "Name": "eks-nat_Gateway-1-testing"
            },
            "tags_all": {
              "Name": "eks-nat_Gateway-1-testing"
            }
          },
          "sensitive_attributes": [],
          "private": "bnVsbA==",
          "dependencies": [
            "module.vpc.aws_eip.nat",
            "module.vpc.aws_internet_gateway.gw",
            "module.vpc.aws_subnet.public",
            "module.vpc.aws_vpc.main"
          ]
        },
        {
          "index_key": 1,
          "schema_version": 0,
          "attributes": {
            "allocation_id": "eipalloc-0491cd097f7cf2a20",
            "connectivity_type": "public",
            "id": "nat-0f58879482dde89eb",
            "network_interface_id": "eni-0255c511d3465db71",
            "private_ip": "192.168.1.132",
            "public_ip": "52.213.81.236",
            "subnet_id": "subnet-07132273ff581d68d",
            "tags": {
              "Name": "eks-nat_Gateway-2-testing"
            },
            "tags_all": {
              "Name": "eks-nat_Gateway-2-testing"
            }
          },
          "sensitive_attributes": [],
          "private": "bnVsbA==",
          "dependencies": [
            "module.vpc.aws_eip.nat",
            "module.vpc.aws_internet_gateway.gw",
            "module.vpc.aws_subnet.public",
            "module.vpc.aws_vpc.main"
          ]
        }
      ]
    },
    {
      "module": "module.vpc",
      "mode": "managed",
      "type": "aws_route_table",
      "name": "internet-route",
      "provider": "provider[\"registry.terraform.io/hashicorp/aws\"]",
      "instances": [
        {
          "schema_version": 0,
          "attributes": {
            "arn": "arn:aws:ec2:eu-west-1:741032333307:route-table/rtb-027712627703b922d",
            "id": "rtb-027712627703b922d",
            "owner_id": "741032333307",
            "propagating_vgws": [],
            "route": [
              {
                "carrier_gateway_id": "",
                "cidr_block": "0.0.0.0/0",
                "core_network_arn": "",
                "destination_prefix_list_id": "",
                "egress_only_gateway_id": "",
                "gateway_id": "igw-0d26a9423209303a5",
                "instance_id": "",
                "ipv6_cidr_block": "",
                "local_gateway_id": "",
                "nat_gateway_id": "",
                "network_interface_id": "",
                "transit_gateway_id": "",
                "vpc_endpoint_id": "",
                "vpc_peering_connection_id": ""
              }
            ],
            "tags": {
              "Name": "eks-public_route_table-testing",
              "state": "public"
            },
            "tags_all": {
              "Name": "eks-public_route_table-testing",
              "state": "public"
            },
            "timeouts": null,
            "vpc_id": "vpc-0d09fe29c02258f8d"
          },
          "sensitive_attributes": [],
          "private": "eyJlMmJmYjczMC1lY2FhLTExZTYtOGY4OC0zNDM2M2JjN2M0YzAiOnsiY3JlYXRlIjozMDAwMDAwMDAwMDAsImRlbGV0ZSI6MzAwMDAwMDAwMDAwLCJ1cGRhdGUiOjEyMDAwMDAwMDAwMH19",
          "dependencies": [
            "module.vpc.aws_internet_gateway.gw",
            "module.vpc.aws_vpc.main"
          ]
        }
      ]
    },
    {
      "module": "module.vpc",
      "mode": "managed",
      "type": "aws_route_table",
      "name": "nat-route",
      "provider": "provider[\"registry.terraform.io/hashicorp/aws\"]",
      "instances": [
        {
          "index_key": 0,
          "schema_version": 0,
          "attributes": {
            "arn": "arn:aws:ec2:eu-west-1:741032333307:route-table/rtb-00189dc726e370558",
            "id": "rtb-00189dc726e370558",
            "owner_id": "741032333307",
            "propagating_vgws": [],
            "route": [
              {
                "carrier_gateway_id": "",
                "cidr_block": "0.0.0.0/0",
                "core_network_arn": "",
                "destination_prefix_list_id": "",
                "egress_only_gateway_id": "",
                "gateway_id": "nat-0e4f5cc4b6d5a8507",
                "instance_id": "",
                "ipv6_cidr_block": "",
                "local_gateway_id": "",
                "nat_gateway_id": "",
                "network_interface_id": "",
                "transit_gateway_id": "",
                "vpc_endpoint_id": "",
                "vpc_peering_connection_id": ""
              }
            ],
            "tags": {
              "Name": "eks-nat_route_table-1-testing",
              "state": "public"
            },
            "tags_all": {
              "Name": "eks-nat_route_table-1-testing",
              "state": "public"
            },
            "timeouts": null,
            "vpc_id": "vpc-0d09fe29c02258f8d"
          },
          "sensitive_attributes": [],
          "private": "eyJlMmJmYjczMC1lY2FhLTExZTYtOGY4OC0zNDM2M2JjN2M0YzAiOnsiY3JlYXRlIjozMDAwMDAwMDAwMDAsImRlbGV0ZSI6MzAwMDAwMDAwMDAwLCJ1cGRhdGUiOjEyMDAwMDAwMDAwMH19",
          "dependencies": [
            "module.vpc.aws_nat_gateway.gw",
            "module.vpc.aws_vpc.main"
          ]
        },
        {
          "index_key": 1,
          "schema_version": 0,
          "attributes": {
            "arn": "arn:aws:ec2:eu-west-1:741032333307:route-table/rtb-0ef14b2478fe25a3e",
            "id": "rtb-0ef14b2478fe25a3e",
            "owner_id": "741032333307",
            "propagating_vgws": [],
            "route": [
              {
                "carrier_gateway_id": "",
                "cidr_block": "0.0.0.0/0",
                "core_network_arn": "",
                "destination_prefix_list_id": "",
                "egress_only_gateway_id": "",
                "gateway_id": "nat-0f58879482dde89eb",
                "instance_id": "",
                "ipv6_cidr_block": "",
                "local_gateway_id": "",
                "nat_gateway_id": "",
                "network_interface_id": "",
                "transit_gateway_id": "",
                "vpc_endpoint_id": "",
                "vpc_peering_connection_id": ""
              }
            ],
            "tags": {
              "Name": "eks-nat_route_table-2-testing",
              "state": "public"
            },
            "tags_all": {
              "Name": "eks-nat_route_table-2-testing",
              "state": "public"
            },
            "timeouts": null,
            "vpc_id": "vpc-0d09fe29c02258f8d"
          },
          "sensitive_attributes": [],
          "private": "eyJlMmJmYjczMC1lY2FhLTExZTYtOGY4OC0zNDM2M2JjN2M0YzAiOnsiY3JlYXRlIjozMDAwMDAwMDAwMDAsImRlbGV0ZSI6MzAwMDAwMDAwMDAwLCJ1cGRhdGUiOjEyMDAwMDAwMDAwMH19",
          "dependencies": [
            "module.vpc.aws_nat_gateway.gw",
            "module.vpc.aws_vpc.main"
          ]
        }
      ]
    },
    {
      "module": "module.vpc",
      "mode": "managed",
      "type": "aws_route_table_association",
      "name": "private",
      "provider": "provider[\"registry.terraform.io/hashicorp/aws\"]",
      "instances": [
        {
          "index_key": 0,
          "schema_version": 0,
          "attributes": {
            "gateway_id": "",
            "id": "rtbassoc-034d2244322eb8d3d",
            "route_table_id": "rtb-00189dc726e370558",
            "subnet_id": "subnet-0d66c02bcf661c823"
          },
          "sensitive_attributes": [],
          "private": "bnVsbA==",
          "dependencies": [
            "module.vpc.aws_eip.nat",
            "module.vpc.aws_internet_gateway.gw",
            "module.vpc.aws_nat_gateway.gw",
            "module.vpc.aws_route_table.nat-route",
            "module.vpc.aws_subnet.private",
            "module.vpc.aws_subnet.public",
            "module.vpc.aws_vpc.main"
          ]
        },
        {
          "index_key": 1,
          "schema_version": 0,
          "attributes": {
            "gateway_id": "",
            "id": "rtbassoc-0374a1c225f4328ef",
            "route_table_id": "rtb-0ef14b2478fe25a3e",
            "subnet_id": "subnet-0e860d02c6019b9d2"
          },
          "sensitive_attributes": [],
          "private": "bnVsbA==",
          "dependencies": [
            "module.vpc.aws_eip.nat",
            "module.vpc.aws_internet_gateway.gw",
            "module.vpc.aws_nat_gateway.gw",
            "module.vpc.aws_route_table.nat-route",
            "module.vpc.aws_subnet.private",
            "module.vpc.aws_subnet.public",
            "module.vpc.aws_vpc.main"
          ]
        }
      ]
    },
    {
      "module": "module.vpc",
      "mode": "managed",
      "type": "aws_route_table_association",
      "name": "public",
      "provider": "provider[\"registry.terraform.io/hashicorp/aws\"]",
      "instances": [
        {
          "index_key": 0,
          "schema_version": 0,
          "attributes": {
            "gateway_id": "",
            "id": "rtbassoc-09c6916f6ab661b91",
            "route_table_id": "rtb-027712627703b922d",
            "subnet_id": "subnet-024836a9ea3639b80"
          },
          "sensitive_attributes": [],
          "private": "bnVsbA==",
          "dependencies": [
            "module.vpc.aws_internet_gateway.gw",
            "module.vpc.aws_route_table.internet-route",
            "module.vpc.aws_subnet.public",
            "module.vpc.aws_vpc.main"
          ]
        },
        {
          "index_key": 1,
          "schema_version": 0,
          "attributes": {
            "gateway_id": "",
            "id": "rtbassoc-023b1fc7e5e1be61f",
            "route_table_id": "rtb-027712627703b922d",
            "subnet_id": "subnet-07132273ff581d68d"
          },
          "sensitive_attributes": [],
          "private": "bnVsbA==",
          "dependencies": [
            "module.vpc.aws_internet_gateway.gw",
            "module.vpc.aws_route_table.internet-route",
            "module.vpc.aws_subnet.public",
            "module.vpc.aws_vpc.main"
          ]
        }
      ]
    },
    {
      "module": "module.vpc",
      "mode": "managed",
      "type": "aws_subnet",
      "name": "private",
      "provider": "provider[\"registry.terraform.io/hashicorp/aws\"]",
      "instances": [
        {
          "index_key": 0,
          "schema_version": 1,
          "attributes": {
            "arn": "arn:aws:ec2:eu-west-1:741032333307:subnet/subnet-0d66c02bcf661c823",
            "assign_ipv6_address_on_creation": false,
            "availability_zone": "eu-west-1a",
            "availability_zone_id": "euw1-az2",
            "cidr_block": "192.168.4.0/24",
            "customer_owned_ipv4_pool": "",
            "enable_dns64": false,
            "enable_resource_name_dns_a_record_on_launch": false,
            "enable_resource_name_dns_aaaa_record_on_launch": false,
            "id": "subnet-0d66c02bcf661c823",
            "ipv6_cidr_block": "",
            "ipv6_cidr_block_association_id": "",
            "ipv6_native": false,
            "map_customer_owned_ip_on_launch": false,
            "map_public_ip_on_launch": false,
            "outpost_arn": "",
            "owner_id": "741032333307",
            "private_dns_hostname_type_on_launch": "ip-name",
            "tags": {
              "Name": "fargate-subnet-1-testing",
              "kubernetes.io/cluster/ekstest-testing": "shared",
              "kubernetes.io/role/internal-elb": "1",
              "state": "private"
            },
            "tags_all": {
              "Name": "fargate-subnet-1-testing",
              "kubernetes.io/cluster/ekstest-testing": "shared",
              "kubernetes.io/role/internal-elb": "1",
              "state": "private"
            },
            "timeouts": null,
            "vpc_id": "vpc-0d09fe29c02258f8d"
          },
          "sensitive_attributes": [],
          "private": "eyJlMmJmYjczMC1lY2FhLTExZTYtOGY4OC0zNDM2M2JjN2M0YzAiOnsiY3JlYXRlIjo2MDAwMDAwMDAwMDAsImRlbGV0ZSI6MTIwMDAwMDAwMDAwMH0sInNjaGVtYV92ZXJzaW9uIjoiMSJ9",
          "dependencies": [
            "module.vpc.aws_vpc.main"
          ]
        },
        {
          "index_key": 1,
          "schema_version": 1,
          "attributes": {
            "arn": "arn:aws:ec2:eu-west-1:741032333307:subnet/subnet-0e860d02c6019b9d2",
            "assign_ipv6_address_on_creation": false,
            "availability_zone": "eu-west-1b",
            "availability_zone_id": "euw1-az3",
            "cidr_block": "192.168.5.0/24",
            "customer_owned_ipv4_pool": "",
            "enable_dns64": false,
            "enable_resource_name_dns_a_record_on_launch": false,
            "enable_resource_name_dns_aaaa_record_on_launch": false,
            "id": "subnet-0e860d02c6019b9d2",
            "ipv6_cidr_block": "",
            "ipv6_cidr_block_association_id": "",
            "ipv6_native": false,
            "map_customer_owned_ip_on_launch": false,
            "map_public_ip_on_launch": false,
            "outpost_arn": "",
            "owner_id": "741032333307",
            "private_dns_hostname_type_on_launch": "ip-name",
            "tags": {
              "Name": "fargate-subnet-2-testing",
              "kubernetes.io/cluster/ekstest-testing": "shared",
              "kubernetes.io/role/internal-elb": "1",
              "state": "private"
            },
            "tags_all": {
              "Name": "fargate-subnet-2-testing",
              "kubernetes.io/cluster/ekstest-testing": "shared",
              "kubernetes.io/role/internal-elb": "1",
              "state": "private"
            },
            "timeouts": null,
            "vpc_id": "vpc-0d09fe29c02258f8d"
          },
          "sensitive_attributes": [],
          "private": "eyJlMmJmYjczMC1lY2FhLTExZTYtOGY4OC0zNDM2M2JjN2M0YzAiOnsiY3JlYXRlIjo2MDAwMDAwMDAwMDAsImRlbGV0ZSI6MTIwMDAwMDAwMDAwMH0sInNjaGVtYV92ZXJzaW9uIjoiMSJ9",
          "dependencies": [
            "module.vpc.aws_vpc.main"
          ]
        }
      ]
    },
    {
      "module": "module.vpc",
      "mode": "managed",
      "type": "aws_subnet",
      "name": "public",
      "provider": "provider[\"registry.terraform.io/hashicorp/aws\"]",
      "instances": [
        {
          "index_key": 0,
          "schema_version": 1,
          "attributes": {
            "arn": "arn:aws:ec2:eu-west-1:741032333307:subnet/subnet-024836a9ea3639b80",
            "assign_ipv6_address_on_creation": false,
            "availability_zone": "eu-west-1a",
            "availability_zone_id": "euw1-az2",
            "cidr_block": "192.168.0.0/24",
            "customer_owned_ipv4_pool": "",
            "enable_dns64": false,
            "enable_resource_name_dns_a_record_on_launch": false,
            "enable_resource_name_dns_aaaa_record_on_launch": false,
            "id": "subnet-024836a9ea3639b80",
            "ipv6_cidr_block": "",
            "ipv6_cidr_block_association_id": "",
            "ipv6_native": false,
            "map_customer_owned_ip_on_launch": false,
            "map_public_ip_on_launch": true,
            "outpost_arn": "",
            "owner_id": "741032333307",
            "private_dns_hostname_type_on_launch": "ip-name",
            "tags": {
              "Name": "node-group-subnet-1-testing",
              "kubernetes.io/cluster/ekstest-testing": "shared",
              "kubernetes.io/role/elb": "1",
              "state": "public"
            },
            "tags_all": {
              "Name": "node-group-subnet-1-testing",
              "kubernetes.io/cluster/ekstest-testing": "shared",
              "kubernetes.io/role/elb": "1",
              "state": "public"
            },
            "timeouts": null,
            "vpc_id": "vpc-0d09fe29c02258f8d"
          },
          "sensitive_attributes": [],
          "private": "eyJlMmJmYjczMC1lY2FhLTExZTYtOGY4OC0zNDM2M2JjN2M0YzAiOnsiY3JlYXRlIjo2MDAwMDAwMDAwMDAsImRlbGV0ZSI6MTIwMDAwMDAwMDAwMH0sInNjaGVtYV92ZXJzaW9uIjoiMSJ9",
          "dependencies": [
            "module.vpc.aws_vpc.main"
          ]
        },
        {
          "index_key": 1,
          "schema_version": 1,
          "attributes": {
            "arn": "arn:aws:ec2:eu-west-1:741032333307:subnet/subnet-07132273ff581d68d",
            "assign_ipv6_address_on_creation": false,
            "availability_zone": "eu-west-1b",
            "availability_zone_id": "euw1-az3",
            "cidr_block": "192.168.1.0/24",
            "customer_owned_ipv4_pool": "",
            "enable_dns64": false,
            "enable_resource_name_dns_a_record_on_launch": false,
            "enable_resource_name_dns_aaaa_record_on_launch": false,
            "id": "subnet-07132273ff581d68d",
            "ipv6_cidr_block": "",
            "ipv6_cidr_block_association_id": "",
            "ipv6_native": false,
            "map_customer_owned_ip_on_launch": false,
            "map_public_ip_on_launch": true,
            "outpost_arn": "",
            "owner_id": "741032333307",
            "private_dns_hostname_type_on_launch": "ip-name",
            "tags": {
              "Name": "node-group-subnet-2-testing",
              "kubernetes.io/cluster/ekstest-testing": "shared",
              "kubernetes.io/role/elb": "1",
              "state": "public"
            },
            "tags_all": {
              "Name": "node-group-subnet-2-testing",
              "kubernetes.io/cluster/ekstest-testing": "shared",
              "kubernetes.io/role/elb": "1",
              "state": "public"
            },
            "timeouts": null,
            "vpc_id": "vpc-0d09fe29c02258f8d"
          },
          "sensitive_attributes": [],
          "private": "eyJlMmJmYjczMC1lY2FhLTExZTYtOGY4OC0zNDM2M2JjN2M0YzAiOnsiY3JlYXRlIjo2MDAwMDAwMDAwMDAsImRlbGV0ZSI6MTIwMDAwMDAwMDAwMH0sInNjaGVtYV92ZXJzaW9uIjoiMSJ9",
          "dependencies": [
            "module.vpc.aws_vpc.main"
          ]
        }
      ]
    },
    {
      "module": "module.vpc",
      "mode": "managed",
      "type": "aws_vpc",
      "name": "main",
      "provider": "provider[\"registry.terraform.io/hashicorp/aws\"]",
      "instances": [
        {
          "schema_version": 1,
          "attributes": {
            "arn": "arn:aws:ec2:eu-west-1:741032333307:vpc/vpc-0d09fe29c02258f8d",
            "assign_generated_ipv6_cidr_block": false,
            "cidr_block": "192.168.0.0/16",
            "default_network_acl_id": "acl-0762bf3d0243d9db4",
            "default_route_table_id": "rtb-0077f6daa0e32fd19",
            "default_security_group_id": "sg-03d9486db54399a0d",
            "dhcp_options_id": "dopt-02510964d5e3ba8d4",
            "enable_classiclink": false,
            "enable_classiclink_dns_support": false,
            "enable_dns_hostnames": true,
            "enable_dns_support": true,
            "id": "vpc-0d09fe29c02258f8d",
            "instance_tenancy": "default",
            "ipv4_ipam_pool_id": null,
            "ipv4_netmask_length": null,
            "ipv6_association_id": "",
            "ipv6_cidr_block": "",
            "ipv6_cidr_block_network_border_group": "",
            "ipv6_ipam_pool_id": "",
            "ipv6_netmask_length": 0,
            "main_route_table_id": "rtb-0077f6daa0e32fd19",
            "owner_id": "741032333307",
            "tags": {
              "Name": "main-testing-vpc",
              "kubernetes.io/cluster/ekstest-testing": "shared"
            },
            "tags_all": {
              "Name": "main-testing-vpc",
              "kubernetes.io/cluster/ekstest-testing": "shared"
            }
          },
          "sensitive_attributes": [],
          "private": "eyJzY2hlbWFfdmVyc2lvbiI6IjEifQ=="
        }
      ]
    }
  ]
}
